// !$*UTF8*$!
{
	archiveVersion = 1;
	classes = {
	};
	objectVersion = 56;
	objects = {

/* Begin PBXBuildFile section */
		1F24ABAC2A96842F00788F74 /* Adjustments.swift in Sources */ = {isa = PBXBuildFile; fileRef = 1F24ABAB2A96842F00788F74 /* Adjustments.swift */; };
		1F24ABAE2A968B2900788F74 /* CashManager.swift in Sources */ = {isa = PBXBuildFile; fileRef = 1F24ABAD2A968B2900788F74 /* CashManager.swift */; };
		1F24ABB02A968F5800788F74 /* AdjustmentsModifier.swift in Sources */ = {isa = PBXBuildFile; fileRef = 1F24ABAF2A968F5800788F74 /* AdjustmentsModifier.swift */; };
		1F24ABB22A969AD200788F74 /* AdjustmentsSelectorView.swift in Sources */ = {isa = PBXBuildFile; fileRef = 1F24ABB12A969AD100788F74 /* AdjustmentsSelectorView.swift */; };
		1F2638382A83B67C00022E1C /* Modifier.swift in Sources */ = {isa = PBXBuildFile; fileRef = 1F2638372A83B67C00022E1C /* Modifier.swift */; };
		1F26383A2A83B69900022E1C /* SharedContext.swift in Sources */ = {isa = PBXBuildFile; fileRef = 1F2638392A83B69900022E1C /* SharedContext.swift */; };
		1F2B5CB02A88F5C700BAEE19 /* UIScreen+.swift in Sources */ = {isa = PBXBuildFile; fileRef = 1F2B5CAF2A88F5C600BAEE19 /* UIScreen+.swift */; };
		1F2B5CB22A88FCD300BAEE19 /* CIImage+.swift in Sources */ = {isa = PBXBuildFile; fileRef = 1F2B5CB12A88FCD300BAEE19 /* CIImage+.swift */; };
		1F2CB9752AA7C83800725D2F /* TextItemView.swift in Sources */ = {isa = PBXBuildFile; fileRef = 1F2CB9742AA7C83800725D2F /* TextItemView.swift */; };
		1F2D3F4C2A82A45B00EA6307 /* ShapeItemView.swift in Sources */ = {isa = PBXBuildFile; fileRef = 1F2D3F4B2A82A45B00EA6307 /* ShapeItemView.swift */; };
		1F2D3F502A82C26000EA6307 /* VideoPlayer.swift in Sources */ = {isa = PBXBuildFile; fileRef = 1F2D3F4F2A82C26000EA6307 /* VideoPlayer.swift */; };
		1F2D3F522A82C67F00EA6307 /* ExampleVideo.mp4 in Resources */ = {isa = PBXBuildFile; fileRef = 1F2D3F512A82C67F00EA6307 /* ExampleVideo.mp4 */; };
		1F2D3F542A82C6C800EA6307 /* VideoPlayerView.swift in Sources */ = {isa = PBXBuildFile; fileRef = 1F2D3F532A82C6C800EA6307 /* VideoPlayerView.swift */; };
		1F2E07D92A92730700A71926 /* Blur.swift in Sources */ = {isa = PBXBuildFile; fileRef = 1F2E07D82A92730700A71926 /* Blur.swift */; };
		1F2E07DC2A92739500A71926 /* BlurModifier.swift in Sources */ = {isa = PBXBuildFile; fileRef = 1F2E07DB2A92739500A71926 /* BlurModifier.swift */; };
		1F2E07DE2A92888400A71926 /* BlurSelectorView.swift in Sources */ = {isa = PBXBuildFile; fileRef = 1F2E07DD2A92888400A71926 /* BlurSelectorView.swift */; };
		1F302C8B2A7F9EEB005956C0 /* TopBarView.swift in Sources */ = {isa = PBXBuildFile; fileRef = 1F302C8A2A7F9EEB005956C0 /* TopBarView.swift */; };
		1F302C8D2A7FA3A2005956C0 /* DependentPoints.swift in Sources */ = {isa = PBXBuildFile; fileRef = 1F302C8C2A7FA3A2005956C0 /* DependentPoints.swift */; };
		1F32A2042A7C3A14006A4AAE /* PointsRecognizer.swift in Sources */ = {isa = PBXBuildFile; fileRef = 1F32A2032A7C3A14006A4AAE /* PointsRecognizer.swift */; };
		1F347B5D2A79950C008915BF /* ShapesTranslator.swift in Sources */ = {isa = PBXBuildFile; fileRef = 1F347B5C2A79950C008915BF /* ShapesTranslator.swift */; };
		1F3BD2762A7AB3B9001E7ACB /* Collage.swift in Sources */ = {isa = PBXBuildFile; fileRef = 1F3BD2752A7AB3B9001E7ACB /* Collage.swift */; };
		1F3D2DCA2A8EB9B100217749 /* ShapeEditorView.swift in Sources */ = {isa = PBXBuildFile; fileRef = 1F3D2DC92A8EB9B100217749 /* ShapeEditorView.swift */; };
		1F47FE4C2A8F9B2B00E96210 /* ShapeModification.swift in Sources */ = {isa = PBXBuildFile; fileRef = 1F47FE4B2A8F9B2B00E96210 /* ShapeModification.swift */; };
		1F47FE4E2A8F9B8B00E96210 /* ShapeReducer.swift in Sources */ = {isa = PBXBuildFile; fileRef = 1F47FE4D2A8F9B8B00E96210 /* ShapeReducer.swift */; };
		1F47FE502A8FA5CD00E96210 /* BlendModeSelectorView.swift in Sources */ = {isa = PBXBuildFile; fileRef = 1F47FE4F2A8FA5CD00E96210 /* BlendModeSelectorView.swift */; };
		1F47FE582A8FB38000E96210 /* Resource.swift in Sources */ = {isa = PBXBuildFile; fileRef = 1F47FE572A8FB38000E96210 /* Resource.swift */; };
		1F47FE652A8FBA3400E96210 /* CollageView.swift in Sources */ = {isa = PBXBuildFile; fileRef = 1F47FE642A8FBA3400E96210 /* CollageView.swift */; };
		1F47FE672A8FC87600E96210 /* GestureReducer.swift in Sources */ = {isa = PBXBuildFile; fileRef = 1F47FE662A8FC87600E96210 /* GestureReducer.swift */; };
		1F47FE6B2A8FE4E600E96210 /* CollageSettings.swift in Sources */ = {isa = PBXBuildFile; fileRef = 1F47FE6A2A8FE4E600E96210 /* CollageSettings.swift */; };
		1F47FE6D2A8FEEAB00E96210 /* DependentPointsConectorView.swift in Sources */ = {isa = PBXBuildFile; fileRef = 1F47FE6C2A8FEEAB00E96210 /* DependentPointsConectorView.swift */; };
		1F4E69742AA12C5E00D45B84 /* FiltersSelectorView.swift in Sources */ = {isa = PBXBuildFile; fileRef = 1F4E69732AA12C5E00D45B84 /* FiltersSelectorView.swift */; };
		1F4E86812A84FDBC0019AAB3 /* VideoTrim.swift in Sources */ = {isa = PBXBuildFile; fileRef = 1F4E86802A84FDBC0019AAB3 /* VideoTrim.swift */; };
		1F4E86832A84FE560019AAB3 /* VideoSettings.swift in Sources */ = {isa = PBXBuildFile; fileRef = 1F4E86822A84FE560019AAB3 /* VideoSettings.swift */; };
		1F4EC4D82A9E2B6C008701DE /* MediaView.swift in Sources */ = {isa = PBXBuildFile; fileRef = 1F4EC4D72A9E2B6C008701DE /* MediaView.swift */; };
		1F4EC4DA2A9E705A008701DE /* FiltersModifier.swift in Sources */ = {isa = PBXBuildFile; fileRef = 1F4EC4D92A9E705A008701DE /* FiltersModifier.swift */; };
		1F4EC4DD2A9E7752008701DE /* ColorFilter.swift in Sources */ = {isa = PBXBuildFile; fileRef = 1F4EC4DC2A9E7752008701DE /* ColorFilter.swift */; };
		1F4EC4E42A9E836F008701DE /* FiltersProvider.swift in Sources */ = {isa = PBXBuildFile; fileRef = 1F4EC4E32A9E836F008701DE /* FiltersProvider.swift */; };
		1F4F76C22A7E5418005374EB /* AddShapeElementView.swift in Sources */ = {isa = PBXBuildFile; fileRef = 1F4F76C12A7E5418005374EB /* AddShapeElementView.swift */; };
		1F52FD892A815516005ECBDD /* DataRepresentable.swift in Sources */ = {isa = PBXBuildFile; fileRef = 1F52FD882A815516005ECBDD /* DataRepresentable.swift */; };
		1F52FD8B2A8156A6005ECBDD /* Media.swift in Sources */ = {isa = PBXBuildFile; fileRef = 1F52FD8A2A8156A6005ECBDD /* Media.swift */; };
		1F52FD8D2A815E36005ECBDD /* PathCreator.swift in Sources */ = {isa = PBXBuildFile; fileRef = 1F52FD8C2A815E36005ECBDD /* PathCreator.swift */; };
		1F52FD8F2A81685D005ECBDD /* MediaPickerView.swift in Sources */ = {isa = PBXBuildFile; fileRef = 1F52FD8E2A81685D005ECBDD /* MediaPickerView.swift */; };
		1F52FD912A81744B005ECBDD /* RectExtractor.swift in Sources */ = {isa = PBXBuildFile; fileRef = 1F52FD902A81744B005ECBDD /* RectExtractor.swift */; };
		1F53337C2A8AADC40068069B /* ZPositionSelectorView.swift in Sources */ = {isa = PBXBuildFile; fileRef = 1F53337B2A8AADC40068069B /* ZPositionSelectorView.swift */; };
		1F53337E2A8AB0B80068069B /* ContentBlendMode.swift in Sources */ = {isa = PBXBuildFile; fileRef = 1F53337D2A8AB0B80068069B /* ContentBlendMode.swift */; };
		1F54DB312A9548CC0075DE94 /* ModifiedImage.swift in Sources */ = {isa = PBXBuildFile; fileRef = 1F54DB302A9548CC0075DE94 /* ModifiedImage.swift */; };
		1F562BB72A882C7B00302C22 /* Video.swift in Sources */ = {isa = PBXBuildFile; fileRef = 1F562BB62A882C7B00302C22 /* Video.swift */; };
		1F574C012A8BF13500B0EC2E /* UIColor+.swift in Sources */ = {isa = PBXBuildFile; fileRef = 1F574C002A8BF13500B0EC2E /* UIColor+.swift */; };
		1F574C032A8BFFFA00B0EC2E /* CollageReducer.swift in Sources */ = {isa = PBXBuildFile; fileRef = 1F574C022A8BFFFA00B0EC2E /* CollageReducer.swift */; };
		1F574C072A8C11AC00B0EC2E /* CollageModification.swift in Sources */ = {isa = PBXBuildFile; fileRef = 1F574C062A8C11AC00B0EC2E /* CollageModification.swift */; };
		1F5DF5C62A76726A00430AF1 /* CollageBuilderApp.swift in Sources */ = {isa = PBXBuildFile; fileRef = 1F5DF5C52A76726A00430AF1 /* CollageBuilderApp.swift */; };
		1F5DF5C82A76726A00430AF1 /* CollageBuilderView.swift in Sources */ = {isa = PBXBuildFile; fileRef = 1F5DF5C72A76726A00430AF1 /* CollageBuilderView.swift */; };
		1F5DF5CA2A76726C00430AF1 /* Assets.xcassets in Resources */ = {isa = PBXBuildFile; fileRef = 1F5DF5C92A76726C00430AF1 /* Assets.xcassets */; };
		1F5DF5CE2A76726C00430AF1 /* Preview Assets.xcassets in Resources */ = {isa = PBXBuildFile; fileRef = 1F5DF5CD2A76726C00430AF1 /* Preview Assets.xcassets */; };
		1F5FF8DC2AA4B0C500CF7B7F /* TextSelectorView.swift in Sources */ = {isa = PBXBuildFile; fileRef = 1F5FF8DB2AA4B0C500CF7B7F /* TextSelectorView.swift */; };
		1F5FF8DF2AA51D2F00CF7B7F /* TextSettings.swift in Sources */ = {isa = PBXBuildFile; fileRef = 1F5FF8DE2AA51D2F00CF7B7F /* TextSettings.swift */; };
		1F5FF8E22AA51DCD00CF7B7F /* Transforms.swift in Sources */ = {isa = PBXBuildFile; fileRef = 1F5FF8E12AA51DCD00CF7B7F /* Transforms.swift */; };
		1F5FF8E42AA51E8100CF7B7F /* AttributedStringCreator.swift in Sources */ = {isa = PBXBuildFile; fileRef = 1F5FF8E32AA51E8100CF7B7F /* AttributedStringCreator.swift */; };
		1F5FF8E72AA51F2D00CF7B7F /* TextView.swift in Sources */ = {isa = PBXBuildFile; fileRef = 1F5FF8E62AA51F2D00CF7B7F /* TextView.swift */; };
		1F5FF8E92AA51F4300CF7B7F /* TextUIView.swift in Sources */ = {isa = PBXBuildFile; fileRef = 1F5FF8E82AA51F4300CF7B7F /* TextUIView.swift */; };
		1F660F1E2A78174D0072925A /* Store.swift in Sources */ = {isa = PBXBuildFile; fileRef = 1F660F1D2A78174D0072925A /* Store.swift */; };
		1F660F212A781EDC0072925A /* AppReducer.swift in Sources */ = {isa = PBXBuildFile; fileRef = 1F660F202A781EDC0072925A /* AppReducer.swift */; };
		1F660F232A781F050072925A /* ReducerProtocol.swift in Sources */ = {isa = PBXBuildFile; fileRef = 1F660F222A781F050072925A /* ReducerProtocol.swift */; };
		1F660F262A781F570072925A /* AppState.swift in Sources */ = {isa = PBXBuildFile; fileRef = 1F660F252A781F570072925A /* AppState.swift */; };
		1F660F292A781F8C0072925A /* AppAction.swift in Sources */ = {isa = PBXBuildFile; fileRef = 1F660F282A781F8C0072925A /* AppAction.swift */; };
		1F660F2D2A7825560072925A /* ShapeData.swift in Sources */ = {isa = PBXBuildFile; fileRef = 1F660F2C2A7825560072925A /* ShapeData.swift */; };
		1F660F2F2A7829580072925A /* ControlPointsExtractor.swift in Sources */ = {isa = PBXBuildFile; fileRef = 1F660F2E2A7829580072925A /* ControlPointsExtractor.swift */; };
		1F660F312A7829700072925A /* ShapeElement.swift in Sources */ = {isa = PBXBuildFile; fileRef = 1F660F302A7829700072925A /* ShapeElement.swift */; };
		1F660F332A78298F0072925A /* ControlPoint.swift in Sources */ = {isa = PBXBuildFile; fileRef = 1F660F322A78298F0072925A /* ControlPoint.swift */; };
		1F660F352A782D010072925A /* AppStorePreview.swift in Sources */ = {isa = PBXBuildFile; fileRef = 1F660F342A782D010072925A /* AppStorePreview.swift */; };
		1F660F382A782D4B0072925A /* GestureView.swift in Sources */ = {isa = PBXBuildFile; fileRef = 1F660F372A782D4B0072925A /* GestureView.swift */; };
		1F660F3A2A782D640072925A /* GestureUIView.swift in Sources */ = {isa = PBXBuildFile; fileRef = 1F660F392A782D640072925A /* GestureUIView.swift */; };
		1F660F3C2A782D820072925A /* GestureState.swift in Sources */ = {isa = PBXBuildFile; fileRef = 1F660F3B2A782D820072925A /* GestureState.swift */; };
		1F660F3E2A782DEF0072925A /* GridView.swift in Sources */ = {isa = PBXBuildFile; fileRef = 1F660F3D2A782DEF0072925A /* GridView.swift */; };
		1F660F432A782E6B0072925A /* CGRect+.swift in Sources */ = {isa = PBXBuildFile; fileRef = 1F660F402A782E6B0072925A /* CGRect+.swift */; };
		1F660F442A782E6B0072925A /* CGSize+.swift in Sources */ = {isa = PBXBuildFile; fileRef = 1F660F412A782E6B0072925A /* CGSize+.swift */; };
		1F660F452A782E6B0072925A /* CGPoint+.swift in Sources */ = {isa = PBXBuildFile; fileRef = 1F660F422A782E6B0072925A /* CGPoint+.swift */; };
		1F660F482A78321A0072925A /* CollageShape.swift in Sources */ = {isa = PBXBuildFile; fileRef = 1F660F472A78321A0072925A /* CollageShape.swift */; };
		1F660F4A2A78324D0072925A /* ControlPointsView.swift in Sources */ = {isa = PBXBuildFile; fileRef = 1F660F492A78324D0072925A /* ControlPointsView.swift */; };
		1F660F4C2A7839200072925A /* ElementsChanger.swift in Sources */ = {isa = PBXBuildFile; fileRef = 1F660F4B2A7839200072925A /* ElementsChanger.swift */; };
		1F682A6C2A9B74FE003F846C /* EditMode.swift in Sources */ = {isa = PBXBuildFile; fileRef = 1F682A6B2A9B74FE003F846C /* EditMode.swift */; };
		1F682A6E2A9B78BC003F846C /* TransformsModifier.swift in Sources */ = {isa = PBXBuildFile; fileRef = 1F682A6D2A9B78BC003F846C /* TransformsModifier.swift */; };
		1F682A702A9BDB54003F846C /* CGImagePropertyOrientation+.swift in Sources */ = {isa = PBXBuildFile; fileRef = 1F682A6F2A9BDB54003F846C /* CGImagePropertyOrientation+.swift */; };
		1F6869982A810E78006C2B6C /* UIImage+.swift in Sources */ = {isa = PBXBuildFile; fileRef = 1F6869972A810E78006C2B6C /* UIImage+.swift */; };
		1F68699A2A810FD1006C2B6C /* CodableWrapper.swift in Sources */ = {isa = PBXBuildFile; fileRef = 1F6869992A810FD1006C2B6C /* CodableWrapper.swift */; };
		1F70EA312A8D4BA70057D9FD /* CollageEditorView.swift in Sources */ = {isa = PBXBuildFile; fileRef = 1F70EA302A8D4BA70057D9FD /* CollageEditorView.swift */; };
		1F7759662A97676B00A57060 /* CommonSliderView.swift in Sources */ = {isa = PBXBuildFile; fileRef = 1F7759652A97676B00A57060 /* CommonSliderView.swift */; };
		1F7759692A976AB300A57060 /* CGFloat+.swift in Sources */ = {isa = PBXBuildFile; fileRef = 1F7759682A976AB300A57060 /* CGFloat+.swift */; };
		1F7883492AA24E0700B2AA5F /* cube1.png in Resources */ = {isa = PBXBuildFile; fileRef = 1F7883462AA24E0700B2AA5F /* cube1.png */; };
		1F78834A2AA24E0700B2AA5F /* cube3.png in Resources */ = {isa = PBXBuildFile; fileRef = 1F7883472AA24E0700B2AA5F /* cube3.png */; };
		1F78834B2AA24E0700B2AA5F /* cube2.png in Resources */ = {isa = PBXBuildFile; fileRef = 1F7883482AA24E0700B2AA5F /* cube2.png */; };
		1F7B718A2A9D1B7D004E5A2E /* AVURLAsset+.swift in Sources */ = {isa = PBXBuildFile; fileRef = 1F7B71892A9D1B7D004E5A2E /* AVURLAsset+.swift */; };
		1F7B718C2A9D1EA0004E5A2E /* UIView+.swift in Sources */ = {isa = PBXBuildFile; fileRef = 1F7B718B2A9D1EA0004E5A2E /* UIView+.swift */; };
		1F7B718E2A9D1F44004E5A2E /* View+.swift in Sources */ = {isa = PBXBuildFile; fileRef = 1F7B718D2A9D1F44004E5A2E /* View+.swift */; };
		1F83E6622AA9D4CD006A2704 /* ElementType.swift in Sources */ = {isa = PBXBuildFile; fileRef = 1F83E6612AA9D4CD006A2704 /* ElementType.swift */; };
		1F83E6642AA9E456006A2704 /* TextModification.swift in Sources */ = {isa = PBXBuildFile; fileRef = 1F83E6632AA9E456006A2704 /* TextModification.swift */; };
		1F83E6662AA9E53A006A2704 /* TextReducer.swift in Sources */ = {isa = PBXBuildFile; fileRef = 1F83E6652AA9E53A006A2704 /* TextReducer.swift */; };
		1F83E6692AA9F10D006A2704 /* FontSelectorView.swift in Sources */ = {isa = PBXBuildFile; fileRef = 1F83E6682AA9F10D006A2704 /* FontSelectorView.swift */; };
		1F83E66B2AA9F7C1006A2704 /* NSTextAlignment+.swift in Sources */ = {isa = PBXBuildFile; fileRef = 1F83E66A2AA9F7C1006A2704 /* NSTextAlignment+.swift */; };
		1F83E66D2AAA0116006A2704 /* TextEditorView.swift in Sources */ = {isa = PBXBuildFile; fileRef = 1F83E66C2AAA0116006A2704 /* TextEditorView.swift */; };
		1F85E2CC2AA9195B00D7E7A7 /* AddTextView.swift in Sources */ = {isa = PBXBuildFile; fileRef = 1F85E2CB2AA9195B00D7E7A7 /* AddTextView.swift */; };
		1FCF56122AA6608400CC2355 /* ElementsTransformer.swift in Sources */ = {isa = PBXBuildFile; fileRef = 1FCF56112AA6608400CC2355 /* ElementsTransformer.swift */; };
		1FED663C2A7FB98F009FF7A4 /* DataImporterView.swift in Sources */ = {isa = PBXBuildFile; fileRef = 1FED663B2A7FB98F009FF7A4 /* DataImporterView.swift */; };
		1FED663E2A7FBC9C009FF7A4 /* DataExporterView.swift in Sources */ = {isa = PBXBuildFile; fileRef = 1FED663D2A7FBC9C009FF7A4 /* DataExporterView.swift */; };
/* End PBXBuildFile section */

/* Begin PBXFileReference section */
		1F24ABAB2A96842F00788F74 /* Adjustments.swift */ = {isa = PBXFileReference; lastKnownFileType = sourcecode.swift; path = Adjustments.swift; sourceTree = "<group>"; };
		1F24ABAD2A968B2900788F74 /* CashManager.swift */ = {isa = PBXFileReference; lastKnownFileType = sourcecode.swift; path = CashManager.swift; sourceTree = "<group>"; };
		1F24ABAF2A968F5800788F74 /* AdjustmentsModifier.swift */ = {isa = PBXFileReference; lastKnownFileType = sourcecode.swift; path = AdjustmentsModifier.swift; sourceTree = "<group>"; };
		1F24ABB12A969AD100788F74 /* AdjustmentsSelectorView.swift */ = {isa = PBXFileReference; lastKnownFileType = sourcecode.swift; path = AdjustmentsSelectorView.swift; sourceTree = "<group>"; };
		1F2638372A83B67C00022E1C /* Modifier.swift */ = {isa = PBXFileReference; lastKnownFileType = sourcecode.swift; path = Modifier.swift; sourceTree = "<group>"; };
		1F2638392A83B69900022E1C /* SharedContext.swift */ = {isa = PBXFileReference; lastKnownFileType = sourcecode.swift; path = SharedContext.swift; sourceTree = "<group>"; };
		1F2B5CAF2A88F5C600BAEE19 /* UIScreen+.swift */ = {isa = PBXFileReference; lastKnownFileType = sourcecode.swift; path = "UIScreen+.swift"; sourceTree = "<group>"; };
		1F2B5CB12A88FCD300BAEE19 /* CIImage+.swift */ = {isa = PBXFileReference; lastKnownFileType = sourcecode.swift; path = "CIImage+.swift"; sourceTree = "<group>"; };
		1F2CB9742AA7C83800725D2F /* TextItemView.swift */ = {isa = PBXFileReference; lastKnownFileType = sourcecode.swift; path = TextItemView.swift; sourceTree = "<group>"; };
		1F2D3F4B2A82A45B00EA6307 /* ShapeItemView.swift */ = {isa = PBXFileReference; lastKnownFileType = sourcecode.swift; path = ShapeItemView.swift; sourceTree = "<group>"; };
		1F2D3F4F2A82C26000EA6307 /* VideoPlayer.swift */ = {isa = PBXFileReference; lastKnownFileType = sourcecode.swift; path = VideoPlayer.swift; sourceTree = "<group>"; };
		1F2D3F512A82C67F00EA6307 /* ExampleVideo.mp4 */ = {isa = PBXFileReference; lastKnownFileType = file; path = ExampleVideo.mp4; sourceTree = "<group>"; };
		1F2D3F532A82C6C800EA6307 /* VideoPlayerView.swift */ = {isa = PBXFileReference; lastKnownFileType = sourcecode.swift; path = VideoPlayerView.swift; sourceTree = "<group>"; };
		1F2E07D82A92730700A71926 /* Blur.swift */ = {isa = PBXFileReference; lastKnownFileType = sourcecode.swift; path = Blur.swift; sourceTree = "<group>"; };
		1F2E07DB2A92739500A71926 /* BlurModifier.swift */ = {isa = PBXFileReference; lastKnownFileType = sourcecode.swift; path = BlurModifier.swift; sourceTree = "<group>"; };
		1F2E07DD2A92888400A71926 /* BlurSelectorView.swift */ = {isa = PBXFileReference; lastKnownFileType = sourcecode.swift; path = BlurSelectorView.swift; sourceTree = "<group>"; };
		1F302C8A2A7F9EEB005956C0 /* TopBarView.swift */ = {isa = PBXFileReference; lastKnownFileType = sourcecode.swift; path = TopBarView.swift; sourceTree = "<group>"; };
		1F302C8C2A7FA3A2005956C0 /* DependentPoints.swift */ = {isa = PBXFileReference; lastKnownFileType = sourcecode.swift; path = DependentPoints.swift; sourceTree = "<group>"; };
		1F32A2032A7C3A14006A4AAE /* PointsRecognizer.swift */ = {isa = PBXFileReference; lastKnownFileType = sourcecode.swift; path = PointsRecognizer.swift; sourceTree = "<group>"; };
		1F347B5C2A79950C008915BF /* ShapesTranslator.swift */ = {isa = PBXFileReference; lastKnownFileType = sourcecode.swift; path = ShapesTranslator.swift; sourceTree = "<group>"; };
		1F3BD2752A7AB3B9001E7ACB /* Collage.swift */ = {isa = PBXFileReference; lastKnownFileType = sourcecode.swift; path = Collage.swift; sourceTree = "<group>"; };
		1F3D2DC92A8EB9B100217749 /* ShapeEditorView.swift */ = {isa = PBXFileReference; lastKnownFileType = sourcecode.swift; path = ShapeEditorView.swift; sourceTree = "<group>"; };
		1F47FE4B2A8F9B2B00E96210 /* ShapeModification.swift */ = {isa = PBXFileReference; lastKnownFileType = sourcecode.swift; path = ShapeModification.swift; sourceTree = "<group>"; };
		1F47FE4D2A8F9B8B00E96210 /* ShapeReducer.swift */ = {isa = PBXFileReference; lastKnownFileType = sourcecode.swift; path = ShapeReducer.swift; sourceTree = "<group>"; };
		1F47FE4F2A8FA5CD00E96210 /* BlendModeSelectorView.swift */ = {isa = PBXFileReference; lastKnownFileType = sourcecode.swift; path = BlendModeSelectorView.swift; sourceTree = "<group>"; };
		1F47FE572A8FB38000E96210 /* Resource.swift */ = {isa = PBXFileReference; lastKnownFileType = sourcecode.swift; path = Resource.swift; sourceTree = "<group>"; };
		1F47FE642A8FBA3400E96210 /* CollageView.swift */ = {isa = PBXFileReference; lastKnownFileType = sourcecode.swift; path = CollageView.swift; sourceTree = "<group>"; };
		1F47FE662A8FC87600E96210 /* GestureReducer.swift */ = {isa = PBXFileReference; lastKnownFileType = sourcecode.swift; path = GestureReducer.swift; sourceTree = "<group>"; };
		1F47FE6A2A8FE4E600E96210 /* CollageSettings.swift */ = {isa = PBXFileReference; lastKnownFileType = sourcecode.swift; path = CollageSettings.swift; sourceTree = "<group>"; };
		1F47FE6C2A8FEEAB00E96210 /* DependentPointsConectorView.swift */ = {isa = PBXFileReference; lastKnownFileType = sourcecode.swift; path = DependentPointsConectorView.swift; sourceTree = "<group>"; };
		1F4E69732AA12C5E00D45B84 /* FiltersSelectorView.swift */ = {isa = PBXFileReference; lastKnownFileType = sourcecode.swift; path = FiltersSelectorView.swift; sourceTree = "<group>"; };
		1F4E86802A84FDBC0019AAB3 /* VideoTrim.swift */ = {isa = PBXFileReference; lastKnownFileType = sourcecode.swift; path = VideoTrim.swift; sourceTree = "<group>"; };
		1F4E86822A84FE560019AAB3 /* VideoSettings.swift */ = {isa = PBXFileReference; lastKnownFileType = sourcecode.swift; path = VideoSettings.swift; sourceTree = "<group>"; };
		1F4EC4D72A9E2B6C008701DE /* MediaView.swift */ = {isa = PBXFileReference; lastKnownFileType = sourcecode.swift; path = MediaView.swift; sourceTree = "<group>"; };
		1F4EC4D92A9E705A008701DE /* FiltersModifier.swift */ = {isa = PBXFileReference; lastKnownFileType = sourcecode.swift; path = FiltersModifier.swift; sourceTree = "<group>"; };
		1F4EC4DC2A9E7752008701DE /* ColorFilter.swift */ = {isa = PBXFileReference; lastKnownFileType = sourcecode.swift; path = ColorFilter.swift; sourceTree = "<group>"; };
		1F4EC4E32A9E836F008701DE /* FiltersProvider.swift */ = {isa = PBXFileReference; lastKnownFileType = sourcecode.swift; path = FiltersProvider.swift; sourceTree = "<group>"; };
		1F4F76C12A7E5418005374EB /* AddShapeElementView.swift */ = {isa = PBXFileReference; fileEncoding = 4; lastKnownFileType = sourcecode.swift; path = AddShapeElementView.swift; sourceTree = "<group>"; };
		1F52FD882A815516005ECBDD /* DataRepresentable.swift */ = {isa = PBXFileReference; lastKnownFileType = sourcecode.swift; path = DataRepresentable.swift; sourceTree = "<group>"; };
		1F52FD8A2A8156A6005ECBDD /* Media.swift */ = {isa = PBXFileReference; lastKnownFileType = sourcecode.swift; path = Media.swift; sourceTree = "<group>"; };
		1F52FD8C2A815E36005ECBDD /* PathCreator.swift */ = {isa = PBXFileReference; lastKnownFileType = sourcecode.swift; path = PathCreator.swift; sourceTree = "<group>"; };
		1F52FD8E2A81685D005ECBDD /* MediaPickerView.swift */ = {isa = PBXFileReference; lastKnownFileType = sourcecode.swift; path = MediaPickerView.swift; sourceTree = "<group>"; };
		1F52FD902A81744B005ECBDD /* RectExtractor.swift */ = {isa = PBXFileReference; lastKnownFileType = sourcecode.swift; path = RectExtractor.swift; sourceTree = "<group>"; };
		1F53337B2A8AADC40068069B /* ZPositionSelectorView.swift */ = {isa = PBXFileReference; lastKnownFileType = sourcecode.swift; path = ZPositionSelectorView.swift; sourceTree = "<group>"; };
		1F53337D2A8AB0B80068069B /* ContentBlendMode.swift */ = {isa = PBXFileReference; lastKnownFileType = sourcecode.swift; path = ContentBlendMode.swift; sourceTree = "<group>"; };
		1F54DB302A9548CC0075DE94 /* ModifiedImage.swift */ = {isa = PBXFileReference; lastKnownFileType = sourcecode.swift; path = ModifiedImage.swift; sourceTree = "<group>"; };
		1F562BB62A882C7B00302C22 /* Video.swift */ = {isa = PBXFileReference; lastKnownFileType = sourcecode.swift; path = Video.swift; sourceTree = "<group>"; };
		1F574C002A8BF13500B0EC2E /* UIColor+.swift */ = {isa = PBXFileReference; lastKnownFileType = sourcecode.swift; path = "UIColor+.swift"; sourceTree = "<group>"; };
		1F574C022A8BFFFA00B0EC2E /* CollageReducer.swift */ = {isa = PBXFileReference; lastKnownFileType = sourcecode.swift; path = CollageReducer.swift; sourceTree = "<group>"; };
		1F574C062A8C11AC00B0EC2E /* CollageModification.swift */ = {isa = PBXFileReference; lastKnownFileType = sourcecode.swift; path = CollageModification.swift; sourceTree = "<group>"; };
		1F5DF5C22A76726A00430AF1 /* CollageBuilder.app */ = {isa = PBXFileReference; explicitFileType = wrapper.application; includeInIndex = 0; path = CollageBuilder.app; sourceTree = BUILT_PRODUCTS_DIR; };
		1F5DF5C52A76726A00430AF1 /* CollageBuilderApp.swift */ = {isa = PBXFileReference; lastKnownFileType = sourcecode.swift; path = CollageBuilderApp.swift; sourceTree = "<group>"; };
		1F5DF5C72A76726A00430AF1 /* CollageBuilderView.swift */ = {isa = PBXFileReference; lastKnownFileType = sourcecode.swift; path = CollageBuilderView.swift; sourceTree = "<group>"; };
		1F5DF5C92A76726C00430AF1 /* Assets.xcassets */ = {isa = PBXFileReference; lastKnownFileType = folder.assetcatalog; path = Assets.xcassets; sourceTree = "<group>"; };
		1F5DF5CB2A76726C00430AF1 /* CollageBuilder.entitlements */ = {isa = PBXFileReference; lastKnownFileType = text.plist.entitlements; path = CollageBuilder.entitlements; sourceTree = "<group>"; };
		1F5DF5CD2A76726C00430AF1 /* Preview Assets.xcassets */ = {isa = PBXFileReference; lastKnownFileType = folder.assetcatalog; path = "Preview Assets.xcassets"; sourceTree = "<group>"; };
		1F5FF8DB2AA4B0C500CF7B7F /* TextSelectorView.swift */ = {isa = PBXFileReference; lastKnownFileType = sourcecode.swift; path = TextSelectorView.swift; sourceTree = "<group>"; };
		1F5FF8DE2AA51D2F00CF7B7F /* TextSettings.swift */ = {isa = PBXFileReference; lastKnownFileType = sourcecode.swift; path = TextSettings.swift; sourceTree = "<group>"; };
		1F5FF8E12AA51DCD00CF7B7F /* Transforms.swift */ = {isa = PBXFileReference; lastKnownFileType = sourcecode.swift; path = Transforms.swift; sourceTree = "<group>"; };
		1F5FF8E32AA51E8100CF7B7F /* AttributedStringCreator.swift */ = {isa = PBXFileReference; lastKnownFileType = sourcecode.swift; path = AttributedStringCreator.swift; sourceTree = "<group>"; };
		1F5FF8E62AA51F2D00CF7B7F /* TextView.swift */ = {isa = PBXFileReference; lastKnownFileType = sourcecode.swift; path = TextView.swift; sourceTree = "<group>"; };
		1F5FF8E82AA51F4300CF7B7F /* TextUIView.swift */ = {isa = PBXFileReference; lastKnownFileType = sourcecode.swift; path = TextUIView.swift; sourceTree = "<group>"; };
		1F660F1D2A78174D0072925A /* Store.swift */ = {isa = PBXFileReference; lastKnownFileType = sourcecode.swift; path = Store.swift; sourceTree = "<group>"; };
		1F660F202A781EDC0072925A /* AppReducer.swift */ = {isa = PBXFileReference; lastKnownFileType = sourcecode.swift; path = AppReducer.swift; sourceTree = "<group>"; };
		1F660F222A781F050072925A /* ReducerProtocol.swift */ = {isa = PBXFileReference; lastKnownFileType = sourcecode.swift; path = ReducerProtocol.swift; sourceTree = "<group>"; };
		1F660F252A781F570072925A /* AppState.swift */ = {isa = PBXFileReference; lastKnownFileType = sourcecode.swift; path = AppState.swift; sourceTree = "<group>"; };
		1F660F282A781F8C0072925A /* AppAction.swift */ = {isa = PBXFileReference; lastKnownFileType = sourcecode.swift; path = AppAction.swift; sourceTree = "<group>"; };
		1F660F2C2A7825560072925A /* ShapeData.swift */ = {isa = PBXFileReference; lastKnownFileType = sourcecode.swift; path = ShapeData.swift; sourceTree = "<group>"; };
		1F660F2E2A7829580072925A /* ControlPointsExtractor.swift */ = {isa = PBXFileReference; lastKnownFileType = sourcecode.swift; path = ControlPointsExtractor.swift; sourceTree = "<group>"; };
		1F660F302A7829700072925A /* ShapeElement.swift */ = {isa = PBXFileReference; lastKnownFileType = sourcecode.swift; path = ShapeElement.swift; sourceTree = "<group>"; };
		1F660F322A78298F0072925A /* ControlPoint.swift */ = {isa = PBXFileReference; lastKnownFileType = sourcecode.swift; path = ControlPoint.swift; sourceTree = "<group>"; };
		1F660F342A782D010072925A /* AppStorePreview.swift */ = {isa = PBXFileReference; lastKnownFileType = sourcecode.swift; path = AppStorePreview.swift; sourceTree = "<group>"; };
		1F660F372A782D4B0072925A /* GestureView.swift */ = {isa = PBXFileReference; lastKnownFileType = sourcecode.swift; path = GestureView.swift; sourceTree = "<group>"; };
		1F660F392A782D640072925A /* GestureUIView.swift */ = {isa = PBXFileReference; lastKnownFileType = sourcecode.swift; path = GestureUIView.swift; sourceTree = "<group>"; };
		1F660F3B2A782D820072925A /* GestureState.swift */ = {isa = PBXFileReference; lastKnownFileType = sourcecode.swift; path = GestureState.swift; sourceTree = "<group>"; };
		1F660F3D2A782DEF0072925A /* GridView.swift */ = {isa = PBXFileReference; lastKnownFileType = sourcecode.swift; path = GridView.swift; sourceTree = "<group>"; };
		1F660F402A782E6B0072925A /* CGRect+.swift */ = {isa = PBXFileReference; fileEncoding = 4; lastKnownFileType = sourcecode.swift; path = "CGRect+.swift"; sourceTree = "<group>"; };
		1F660F412A782E6B0072925A /* CGSize+.swift */ = {isa = PBXFileReference; fileEncoding = 4; lastKnownFileType = sourcecode.swift; path = "CGSize+.swift"; sourceTree = "<group>"; };
		1F660F422A782E6B0072925A /* CGPoint+.swift */ = {isa = PBXFileReference; fileEncoding = 4; lastKnownFileType = sourcecode.swift; path = "CGPoint+.swift"; sourceTree = "<group>"; };
		1F660F472A78321A0072925A /* CollageShape.swift */ = {isa = PBXFileReference; lastKnownFileType = sourcecode.swift; path = CollageShape.swift; sourceTree = "<group>"; };
		1F660F492A78324D0072925A /* ControlPointsView.swift */ = {isa = PBXFileReference; fileEncoding = 4; lastKnownFileType = sourcecode.swift; path = ControlPointsView.swift; sourceTree = "<group>"; };
		1F660F4B2A7839200072925A /* ElementsChanger.swift */ = {isa = PBXFileReference; lastKnownFileType = sourcecode.swift; path = ElementsChanger.swift; sourceTree = "<group>"; };
		1F682A6B2A9B74FE003F846C /* EditMode.swift */ = {isa = PBXFileReference; lastKnownFileType = sourcecode.swift; path = EditMode.swift; sourceTree = "<group>"; };
		1F682A6D2A9B78BC003F846C /* TransformsModifier.swift */ = {isa = PBXFileReference; lastKnownFileType = sourcecode.swift; path = TransformsModifier.swift; sourceTree = "<group>"; };
		1F682A6F2A9BDB54003F846C /* CGImagePropertyOrientation+.swift */ = {isa = PBXFileReference; lastKnownFileType = sourcecode.swift; path = "CGImagePropertyOrientation+.swift"; sourceTree = "<group>"; };
		1F6869972A810E78006C2B6C /* UIImage+.swift */ = {isa = PBXFileReference; lastKnownFileType = sourcecode.swift; path = "UIImage+.swift"; sourceTree = "<group>"; };
		1F6869992A810FD1006C2B6C /* CodableWrapper.swift */ = {isa = PBXFileReference; lastKnownFileType = sourcecode.swift; path = CodableWrapper.swift; sourceTree = "<group>"; };
		1F70EA302A8D4BA70057D9FD /* CollageEditorView.swift */ = {isa = PBXFileReference; lastKnownFileType = sourcecode.swift; path = CollageEditorView.swift; sourceTree = "<group>"; };
		1F7759652A97676B00A57060 /* CommonSliderView.swift */ = {isa = PBXFileReference; lastKnownFileType = sourcecode.swift; path = CommonSliderView.swift; sourceTree = "<group>"; };
		1F7759682A976AB300A57060 /* CGFloat+.swift */ = {isa = PBXFileReference; lastKnownFileType = sourcecode.swift; path = "CGFloat+.swift"; sourceTree = "<group>"; };
		1F7883462AA24E0700B2AA5F /* cube1.png */ = {isa = PBXFileReference; lastKnownFileType = image.png; path = cube1.png; sourceTree = "<group>"; };
		1F7883472AA24E0700B2AA5F /* cube3.png */ = {isa = PBXFileReference; lastKnownFileType = image.png; path = cube3.png; sourceTree = "<group>"; };
		1F7883482AA24E0700B2AA5F /* cube2.png */ = {isa = PBXFileReference; lastKnownFileType = image.png; path = cube2.png; sourceTree = "<group>"; };
		1F7B71892A9D1B7D004E5A2E /* AVURLAsset+.swift */ = {isa = PBXFileReference; lastKnownFileType = sourcecode.swift; path = "AVURLAsset+.swift"; sourceTree = "<group>"; };
		1F7B718B2A9D1EA0004E5A2E /* UIView+.swift */ = {isa = PBXFileReference; lastKnownFileType = sourcecode.swift; path = "UIView+.swift"; sourceTree = "<group>"; };
		1F7B718D2A9D1F44004E5A2E /* View+.swift */ = {isa = PBXFileReference; lastKnownFileType = sourcecode.swift; path = "View+.swift"; sourceTree = "<group>"; };
		1F83E6612AA9D4CD006A2704 /* ElementType.swift */ = {isa = PBXFileReference; lastKnownFileType = sourcecode.swift; path = ElementType.swift; sourceTree = "<group>"; };
		1F83E6632AA9E456006A2704 /* TextModification.swift */ = {isa = PBXFileReference; lastKnownFileType = sourcecode.swift; path = TextModification.swift; sourceTree = "<group>"; };
		1F83E6652AA9E53A006A2704 /* TextReducer.swift */ = {isa = PBXFileReference; lastKnownFileType = sourcecode.swift; path = TextReducer.swift; sourceTree = "<group>"; };
		1F83E6682AA9F10D006A2704 /* FontSelectorView.swift */ = {isa = PBXFileReference; lastKnownFileType = sourcecode.swift; path = FontSelectorView.swift; sourceTree = "<group>"; };
		1F83E66A2AA9F7C1006A2704 /* NSTextAlignment+.swift */ = {isa = PBXFileReference; lastKnownFileType = sourcecode.swift; path = "NSTextAlignment+.swift"; sourceTree = "<group>"; };
		1F83E66C2AAA0116006A2704 /* TextEditorView.swift */ = {isa = PBXFileReference; lastKnownFileType = sourcecode.swift; path = TextEditorView.swift; sourceTree = "<group>"; };
		1F85E2CB2AA9195B00D7E7A7 /* AddTextView.swift */ = {isa = PBXFileReference; lastKnownFileType = sourcecode.swift; path = AddTextView.swift; sourceTree = "<group>"; };
		1FCF56112AA6608400CC2355 /* ElementsTransformer.swift */ = {isa = PBXFileReference; lastKnownFileType = sourcecode.swift; path = ElementsTransformer.swift; sourceTree = "<group>"; };
		1FED663B2A7FB98F009FF7A4 /* DataImporterView.swift */ = {isa = PBXFileReference; lastKnownFileType = sourcecode.swift; path = DataImporterView.swift; sourceTree = "<group>"; };
		1FED663D2A7FBC9C009FF7A4 /* DataExporterView.swift */ = {isa = PBXFileReference; lastKnownFileType = sourcecode.swift; path = DataExporterView.swift; sourceTree = "<group>"; };
/* End PBXFileReference section */

/* Begin PBXFrameworksBuildPhase section */
		1F5DF5BF2A76726A00430AF1 /* Frameworks */ = {
			isa = PBXFrameworksBuildPhase;
			buildActionMask = 2147483647;
			files = (
			);
			runOnlyForDeploymentPostprocessing = 0;
		};
/* End PBXFrameworksBuildPhase section */

/* Begin PBXGroup section */
		1F2D3F4D2A82A46E00EA6307 /* ShapeItemView */ = {
			isa = PBXGroup;
			children = (
				1F2D3F4B2A82A45B00EA6307 /* ShapeItemView.swift */,
				1F4EC4D72A9E2B6C008701DE /* MediaView.swift */,
				1F54DB302A9548CC0075DE94 /* ModifiedImage.swift */,
				1F660F462A7831ED0072925A /* CollageShape */,
			);
			path = ShapeItemView;
			sourceTree = "<group>";
		};
		1F2D3F4E2A82C24C00EA6307 /* VideoPlayer */ = {
			isa = PBXGroup;
			children = (
				1F2D3F4F2A82C26000EA6307 /* VideoPlayer.swift */,
				1F2D3F532A82C6C800EA6307 /* VideoPlayerView.swift */,
				1F4E86822A84FE560019AAB3 /* VideoSettings.swift */,
				1F4E86802A84FDBC0019AAB3 /* VideoTrim.swift */,
				1F2D3F512A82C67F00EA6307 /* ExampleVideo.mp4 */,
			);
			path = VideoPlayer;
			sourceTree = "<group>";
		};
		1F2E07DA2A92737B00A71926 /* Modifiers */ = {
			isa = PBXGroup;
			children = (
				1F2638372A83B67C00022E1C /* Modifier.swift */,
				1F24ABAD2A968B2900788F74 /* CashManager.swift */,
				1F2E07DB2A92739500A71926 /* BlurModifier.swift */,
				1F24ABAF2A968F5800788F74 /* AdjustmentsModifier.swift */,
				1F682A6D2A9B78BC003F846C /* TransformsModifier.swift */,
				1F4EC4D92A9E705A008701DE /* FiltersModifier.swift */,
			);
			path = Modifiers;
			sourceTree = "<group>";
		};
		1F47FE512A8FB21300E96210 /* Collage */ = {
			isa = PBXGroup;
			children = (
				1F3BD2752A7AB3B9001E7ACB /* Collage.swift */,
				1F47FE522A8FB24F00E96210 /* CollageElements */,
			);
			path = Collage;
			sourceTree = "<group>";
		};
		1F47FE522A8FB24F00E96210 /* CollageElements */ = {
			isa = PBXGroup;
			children = (
				1F302C8C2A7FA3A2005956C0 /* DependentPoints.swift */,
				1F47FE532A8FB27D00E96210 /* ShapeData */,
			);
			path = CollageElements;
			sourceTree = "<group>";
		};
		1F47FE532A8FB27D00E96210 /* ShapeData */ = {
			isa = PBXGroup;
			children = (
				1F5FF8DD2AA51D1300CF7B7F /* TextSettings */,
				1F660F2C2A7825560072925A /* ShapeData.swift */,
				1F47FE542A8FB28D00E96210 /* ShapeElements */,
			);
			path = ShapeData;
			sourceTree = "<group>";
		};
		1F47FE542A8FB28D00E96210 /* ShapeElements */ = {
			isa = PBXGroup;
			children = (
				1F660F302A7829700072925A /* ShapeElement.swift */,
				1F24ABAB2A96842F00788F74 /* Adjustments.swift */,
				1F2E07D82A92730700A71926 /* Blur.swift */,
				1F53337D2A8AB0B80068069B /* ContentBlendMode.swift */,
				1F660F322A78298F0072925A /* ControlPoint.swift */,
				1F4EC4DC2A9E7752008701DE /* ColorFilter.swift */,
				1F47FE552A8FB30300E96210 /* Media */,
			);
			path = ShapeElements;
			sourceTree = "<group>";
		};
		1F47FE552A8FB30300E96210 /* Media */ = {
			isa = PBXGroup;
			children = (
				1F52FD8A2A8156A6005ECBDD /* Media.swift */,
				1F47FE562A8FB36C00E96210 /* MediaElements */,
			);
			path = Media;
			sourceTree = "<group>";
		};
		1F47FE562A8FB36C00E96210 /* MediaElements */ = {
			isa = PBXGroup;
			children = (
				1F47FE572A8FB38000E96210 /* Resource.swift */,
				1F47FE592A8FB3AD00E96210 /* ResourceElements */,
			);
			path = MediaElements;
			sourceTree = "<group>";
		};
		1F47FE592A8FB3AD00E96210 /* ResourceElements */ = {
			isa = PBXGroup;
			children = (
				1F562BB62A882C7B00302C22 /* Video.swift */,
			);
			path = ResourceElements;
			sourceTree = "<group>";
		};
		1F47FE5E2A8FB6BE00E96210 /* ShapesTranslator */ = {
			isa = PBXGroup;
			children = (
				1F347B5C2A79950C008915BF /* ShapesTranslator.swift */,
				1F660F4B2A7839200072925A /* ElementsChanger.swift */,
			);
			path = ShapesTranslator;
			sourceTree = "<group>";
		};
		1F47FE612A8FB84B00E96210 /* CollageView */ = {
			isa = PBXGroup;
			children = (
				1F47FE642A8FBA3400E96210 /* CollageView.swift */,
				1F2CB9742AA7C83800725D2F /* TextItemView.swift */,
				1F2D3F4D2A82A46E00EA6307 /* ShapeItemView */,
			);
			path = CollageView;
			sourceTree = "<group>";
		};
		1F47FE622A8FB94300E96210 /* SupportUtils */ = {
			isa = PBXGroup;
			children = (
				1F32A2032A7C3A14006A4AAE /* PointsRecognizer.swift */,
				1F660F2E2A7829580072925A /* ControlPointsExtractor.swift */,
				1F5FF8E32AA51E8100CF7B7F /* AttributedStringCreator.swift */,
				1F52FD902A81744B005ECBDD /* RectExtractor.swift */,
			);
			path = SupportUtils;
			sourceTree = "<group>";
		};
		1F47FE632A8FB97000E96210 /* SharedContext */ = {
			isa = PBXGroup;
			children = (
				1F2638392A83B69900022E1C /* SharedContext.swift */,
			);
			path = SharedContext;
			sourceTree = "<group>";
		};
		1F4B86A52A90A26000D8B99A /* CollageBuiderView */ = {
			isa = PBXGroup;
			children = (
				1F5DF5C72A76726A00430AF1 /* CollageBuilderView.swift */,
				1F4B86A62A90A28B00D8B99A /* AdditionalViews */,
			);
			name = CollageBuiderView;
			sourceTree = "<group>";
		};
		1F4B86A62A90A28B00D8B99A /* AdditionalViews */ = {
			isa = PBXGroup;
			children = (
				1F660F3D2A782DEF0072925A /* GridView.swift */,
				1F660F492A78324D0072925A /* ControlPointsView.swift */,
				1F4F76C12A7E5418005374EB /* AddShapeElementView.swift */,
				1F302C8A2A7F9EEB005956C0 /* TopBarView.swift */,
				1F47FE6C2A8FEEAB00E96210 /* DependentPointsConectorView.swift */,
				1F70EA302A8D4BA70057D9FD /* CollageEditorView.swift */,
				1F3D2DC92A8EB9B100217749 /* ShapeEditorView.swift */,
				1FED663B2A7FB98F009FF7A4 /* DataImporterView.swift */,
				1FED663D2A7FBC9C009FF7A4 /* DataExporterView.swift */,
				1F52FD8E2A81685D005ECBDD /* MediaPickerView.swift */,
				1F4B86A72A90A2B500D8B99A /* Selectors */,
			);
			name = AdditionalViews;
			sourceTree = "<group>";
		};
		1F4B86A72A90A2B500D8B99A /* Selectors */ = {
			isa = PBXGroup;
			children = (
				1F47FE4F2A8FA5CD00E96210 /* BlendModeSelectorView.swift */,
				1F53337B2A8AADC40068069B /* ZPositionSelectorView.swift */,
				1F2E07DD2A92888400A71926 /* BlurSelectorView.swift */,
				1F24ABB12A969AD100788F74 /* AdjustmentsSelectorView.swift */,
				1F4E69732AA12C5E00D45B84 /* FiltersSelectorView.swift */,
				1F7759652A97676B00A57060 /* CommonSliderView.swift */,
				1F83E6672AA9F0F8006A2704 /* TextSelector */,
			);
			name = Selectors;
			sourceTree = "<group>";
		};
		1F4EC4E22A9E82D7008701DE /* Content */ = {
			isa = PBXGroup;
			children = (
				1F4EC4E32A9E836F008701DE /* FiltersProvider.swift */,
				1F78833F2AA21F9700B2AA5F /* Filters */,
			);
			path = Content;
			sourceTree = "<group>";
		};
		1F52FD872A815509005ECBDD /* CodableWrapper */ = {
			isa = PBXGroup;
			children = (
				1F6869992A810FD1006C2B6C /* CodableWrapper.swift */,
				1F52FD882A815516005ECBDD /* DataRepresentable.swift */,
			);
			path = CodableWrapper;
			sourceTree = "<group>";
		};
		1F5DF5B92A76726A00430AF1 = {
			isa = PBXGroup;
			children = (
				1F5DF5C42A76726A00430AF1 /* CollageBuilder */,
				1F5DF5C32A76726A00430AF1 /* Products */,
			);
			sourceTree = "<group>";
		};
		1F5DF5C32A76726A00430AF1 /* Products */ = {
			isa = PBXGroup;
			children = (
				1F5DF5C22A76726A00430AF1 /* CollageBuilder.app */,
			);
			name = Products;
			sourceTree = "<group>";
		};
		1F5DF5C42A76726A00430AF1 /* CollageBuilder */ = {
			isa = PBXGroup;
			children = (
				1F5DF5C52A76726A00430AF1 /* CollageBuilderApp.swift */,
				1F4B86A52A90A26000D8B99A /* CollageBuiderView */,
				1F660F1C2A78172A0072925A /* AppStore */,
				1F660F1F2A781EAB0072925A /* AppReducer */,
				1F660F272A781F6F0072925A /* AppAction */,
				1F660F242A781F290072925A /* AppState */,
				1F4EC4E22A9E82D7008701DE /* Content */,
				1F660F2B2A7825360072925A /* CollageCore */,
				1F5DF5C92A76726C00430AF1 /* Assets.xcassets */,
				1F5DF5CB2A76726C00430AF1 /* CollageBuilder.entitlements */,
				1F5DF5CC2A76726C00430AF1 /* Preview Content */,
			);
			path = CollageBuilder;
			sourceTree = "<group>";
		};
		1F5DF5CC2A76726C00430AF1 /* Preview Content */ = {
			isa = PBXGroup;
			children = (
				1F5DF5CD2A76726C00430AF1 /* Preview Assets.xcassets */,
			);
			path = "Preview Content";
			sourceTree = "<group>";
		};
		1F5FF8DD2AA51D1300CF7B7F /* TextSettings */ = {
			isa = PBXGroup;
			children = (
				1F5FF8DE2AA51D2F00CF7B7F /* TextSettings.swift */,
				1F5FF8E02AA51DA400CF7B7F /* TextSettingsElements */,
			);
			path = TextSettings;
			sourceTree = "<group>";
		};
		1F5FF8E02AA51DA400CF7B7F /* TextSettingsElements */ = {
			isa = PBXGroup;
			children = (
				1F5FF8E12AA51DCD00CF7B7F /* Transforms.swift */,
			);
			path = TextSettingsElements;
			sourceTree = "<group>";
		};
		1F5FF8E52AA51F0100CF7B7F /* TextView */ = {
			isa = PBXGroup;
			children = (
				1F5FF8E62AA51F2D00CF7B7F /* TextView.swift */,
				1F5FF8E82AA51F4300CF7B7F /* TextUIView.swift */,
			);
			path = TextView;
			sourceTree = "<group>";
		};
		1F660F1C2A78172A0072925A /* AppStore */ = {
			isa = PBXGroup;
			children = (
				1F660F1D2A78174D0072925A /* Store.swift */,
				1F660F342A782D010072925A /* AppStorePreview.swift */,
			);
			path = AppStore;
			sourceTree = "<group>";
		};
		1F660F1F2A781EAB0072925A /* AppReducer */ = {
			isa = PBXGroup;
			children = (
				1F660F202A781EDC0072925A /* AppReducer.swift */,
				1F574C022A8BFFFA00B0EC2E /* CollageReducer.swift */,
				1F47FE4D2A8F9B8B00E96210 /* ShapeReducer.swift */,
				1F660F222A781F050072925A /* ReducerProtocol.swift */,
				1F83E6652AA9E53A006A2704 /* TextReducer.swift */,
				1F47FE662A8FC87600E96210 /* GestureReducer.swift */,
			);
			path = AppReducer;
			sourceTree = "<group>";
		};
		1F660F242A781F290072925A /* AppState */ = {
			isa = PBXGroup;
			children = (
				1F660F252A781F570072925A /* AppState.swift */,
				1F47FE6A2A8FE4E600E96210 /* CollageSettings.swift */,
			);
			path = AppState;
			sourceTree = "<group>";
		};
		1F660F272A781F6F0072925A /* AppAction */ = {
			isa = PBXGroup;
			children = (
				1F660F282A781F8C0072925A /* AppAction.swift */,
				1F574C062A8C11AC00B0EC2E /* CollageModification.swift */,
				1F47FE4B2A8F9B2B00E96210 /* ShapeModification.swift */,
				1F83E6632AA9E456006A2704 /* TextModification.swift */,
				1F682A6B2A9B74FE003F846C /* EditMode.swift */,
			);
			path = AppAction;
			sourceTree = "<group>";
		};
		1F660F2B2A7825360072925A /* CollageCore */ = {
			isa = PBXGroup;
			children = (
				1F47FE512A8FB21300E96210 /* Collage */,
				1F5FF8E52AA51F0100CF7B7F /* TextView */,
				1F47FE612A8FB84B00E96210 /* CollageView */,
				1F2E07DA2A92737B00A71926 /* Modifiers */,
				1F47FE622A8FB94300E96210 /* SupportUtils */,
				1FCF56102AA65FD800CC2355 /* ElementsЕransformer */,
				1F47FE5E2A8FB6BE00E96210 /* ShapesTranslator */,
				1F52FD872A815509005ECBDD /* CodableWrapper */,
				1F660F362A782D3F0072925A /* GestureView */,
				1F2D3F4E2A82C24C00EA6307 /* VideoPlayer */,
				1F47FE632A8FB97000E96210 /* SharedContext */,
				1F660F3F2A782E410072925A /* Extensions */,
			);
			name = CollageCore;
			path = AppState/CollageCore;
			sourceTree = "<group>";
		};
		1F660F362A782D3F0072925A /* GestureView */ = {
			isa = PBXGroup;
			children = (
				1F660F392A782D640072925A /* GestureUIView.swift */,
				1F660F372A782D4B0072925A /* GestureView.swift */,
				1F660F3B2A782D820072925A /* GestureState.swift */,
			);
			path = GestureView;
			sourceTree = "<group>";
		};
		1F660F3F2A782E410072925A /* Extensions */ = {
			isa = PBXGroup;
			children = (
				1F660F422A782E6B0072925A /* CGPoint+.swift */,
				1F660F402A782E6B0072925A /* CGRect+.swift */,
				1F660F412A782E6B0072925A /* CGSize+.swift */,
				1F7759682A976AB300A57060 /* CGFloat+.swift */,
				1F6869972A810E78006C2B6C /* UIImage+.swift */,
				1F2B5CAF2A88F5C600BAEE19 /* UIScreen+.swift */,
				1F2B5CB12A88FCD300BAEE19 /* CIImage+.swift */,
				1F574C002A8BF13500B0EC2E /* UIColor+.swift */,
				1F682A6F2A9BDB54003F846C /* CGImagePropertyOrientation+.swift */,
				1F7B71892A9D1B7D004E5A2E /* AVURLAsset+.swift */,
				1F7B718B2A9D1EA0004E5A2E /* UIView+.swift */,
				1F83E66A2AA9F7C1006A2704 /* NSTextAlignment+.swift */,
				1F7B718D2A9D1F44004E5A2E /* View+.swift */,
			);
			path = Extensions;
			sourceTree = "<group>";
		};
		1F660F462A7831ED0072925A /* CollageShape */ = {
			isa = PBXGroup;
			children = (
				1F660F472A78321A0072925A /* CollageShape.swift */,
				1F52FD8C2A815E36005ECBDD /* PathCreator.swift */,
			);
			path = CollageShape;
			sourceTree = "<group>";
		};
		1F78833F2AA21F9700B2AA5F /* Filters */ = {
			isa = PBXGroup;
			children = (
				1F7883462AA24E0700B2AA5F /* cube1.png */,
				1F7883482AA24E0700B2AA5F /* cube2.png */,
				1F7883472AA24E0700B2AA5F /* cube3.png */,
			);
			path = Filters;
			sourceTree = "<group>";
		};
		1F83E6672AA9F0F8006A2704 /* TextSelector */ = {
			isa = PBXGroup;
			children = (
				1F5FF8DB2AA4B0C500CF7B7F /* TextSelectorView.swift */,
				1F85E2CB2AA9195B00D7E7A7 /* AddTextView.swift */,
				1F83E6682AA9F10D006A2704 /* FontSelectorView.swift */,
				1F83E66C2AAA0116006A2704 /* TextEditorView.swift */,
			);
			name = TextSelector;
			sourceTree = "<group>";
		};
		1FCF56102AA65FD800CC2355 /* ElementsЕransformer */ = {
			isa = PBXGroup;
			children = (
				1FCF56112AA6608400CC2355 /* ElementsTransformer.swift */,
				1F83E6612AA9D4CD006A2704 /* ElementType.swift */,
			);
			path = "ElementsЕransformer";
			sourceTree = "<group>";
		};
/* End PBXGroup section */

/* Begin PBXNativeTarget section */
		1F5DF5C12A76726A00430AF1 /* CollageBuilder */ = {
			isa = PBXNativeTarget;
			buildConfigurationList = 1F5DF5D12A76726C00430AF1 /* Build configuration list for PBXNativeTarget "CollageBuilder" */;
			buildPhases = (
				1F5DF5BE2A76726A00430AF1 /* Sources */,
				1F5DF5BF2A76726A00430AF1 /* Frameworks */,
				1F5DF5C02A76726A00430AF1 /* Resources */,
			);
			buildRules = (
			);
			dependencies = (
			);
			name = CollageBuilder;
			productName = CollageBuilder;
			productReference = 1F5DF5C22A76726A00430AF1 /* CollageBuilder.app */;
			productType = "com.apple.product-type.application";
		};
/* End PBXNativeTarget section */

/* Begin PBXProject section */
		1F5DF5BA2A76726A00430AF1 /* Project object */ = {
			isa = PBXProject;
			attributes = {
				BuildIndependentTargetsInParallel = 1;
				LastSwiftUpdateCheck = 1430;
				LastUpgradeCheck = 1430;
				TargetAttributes = {
					1F5DF5C12A76726A00430AF1 = {
						CreatedOnToolsVersion = 14.3.1;
					};
				};
			};
			buildConfigurationList = 1F5DF5BD2A76726A00430AF1 /* Build configuration list for PBXProject "CollageBuilder" */;
			compatibilityVersion = "Xcode 14.0";
			developmentRegion = en;
			hasScannedForEncodings = 0;
			knownRegions = (
				en,
				Base,
			);
			mainGroup = 1F5DF5B92A76726A00430AF1;
			productRefGroup = 1F5DF5C32A76726A00430AF1 /* Products */;
			projectDirPath = "";
			projectRoot = "";
			targets = (
				1F5DF5C12A76726A00430AF1 /* CollageBuilder */,
			);
		};
/* End PBXProject section */

/* Begin PBXResourcesBuildPhase section */
		1F5DF5C02A76726A00430AF1 /* Resources */ = {
			isa = PBXResourcesBuildPhase;
			buildActionMask = 2147483647;
			files = (
				1F5DF5CE2A76726C00430AF1 /* Preview Assets.xcassets in Resources */,
				1F7883492AA24E0700B2AA5F /* cube1.png in Resources */,
				1F78834A2AA24E0700B2AA5F /* cube3.png in Resources */,
				1F2D3F522A82C67F00EA6307 /* ExampleVideo.mp4 in Resources */,
				1F78834B2AA24E0700B2AA5F /* cube2.png in Resources */,
				1F5DF5CA2A76726C00430AF1 /* Assets.xcassets in Resources */,
			);
			runOnlyForDeploymentPostprocessing = 0;
		};
/* End PBXResourcesBuildPhase section */

/* Begin PBXSourcesBuildPhase section */
		1F5DF5BE2A76726A00430AF1 /* Sources */ = {
			isa = PBXSourcesBuildPhase;
			buildActionMask = 2147483647;
			files = (
				1F47FE6B2A8FE4E600E96210 /* CollageSettings.swift in Sources */,
				1F660F442A782E6B0072925A /* CGSize+.swift in Sources */,
				1F47FE4C2A8F9B2B00E96210 /* ShapeModification.swift in Sources */,
				1F347B5D2A79950C008915BF /* ShapesTranslator.swift in Sources */,
				1F4EC4E42A9E836F008701DE /* FiltersProvider.swift in Sources */,
				1F660F3A2A782D640072925A /* GestureUIView.swift in Sources */,
				1F3D2DCA2A8EB9B100217749 /* ShapeEditorView.swift in Sources */,
				1F660F352A782D010072925A /* AppStorePreview.swift in Sources */,
				1F5FF8E92AA51F4300CF7B7F /* TextUIView.swift in Sources */,
				1F562BB72A882C7B00302C22 /* Video.swift in Sources */,
				1F52FD8F2A81685D005ECBDD /* MediaPickerView.swift in Sources */,
				1F7B718A2A9D1B7D004E5A2E /* AVURLAsset+.swift in Sources */,
				1F660F3C2A782D820072925A /* GestureState.swift in Sources */,
				1F660F292A781F8C0072925A /* AppAction.swift in Sources */,
				1F5FF8E42AA51E8100CF7B7F /* AttributedStringCreator.swift in Sources */,
				1F574C012A8BF13500B0EC2E /* UIColor+.swift in Sources */,
				1F660F1E2A78174D0072925A /* Store.swift in Sources */,
				1F3BD2762A7AB3B9001E7ACB /* Collage.swift in Sources */,
				1FCF56122AA6608400CC2355 /* ElementsTransformer.swift in Sources */,
				1F660F382A782D4B0072925A /* GestureView.swift in Sources */,
				1F2E07DE2A92888400A71926 /* BlurSelectorView.swift in Sources */,
				1F85E2CC2AA9195B00D7E7A7 /* AddTextView.swift in Sources */,
				1FED663E2A7FBC9C009FF7A4 /* DataExporterView.swift in Sources */,
				1F83E6662AA9E53A006A2704 /* TextReducer.swift in Sources */,
				1FED663C2A7FB98F009FF7A4 /* DataImporterView.swift in Sources */,
				1F4F76C22A7E5418005374EB /* AddShapeElementView.swift in Sources */,
				1F83E66B2AA9F7C1006A2704 /* NSTextAlignment+.swift in Sources */,
				1F302C8B2A7F9EEB005956C0 /* TopBarView.swift in Sources */,
				1F2B5CB02A88F5C700BAEE19 /* UIScreen+.swift in Sources */,
				1F7B718C2A9D1EA0004E5A2E /* UIView+.swift in Sources */,
				1F2B5CB22A88FCD300BAEE19 /* CIImage+.swift in Sources */,
				1F52FD912A81744B005ECBDD /* RectExtractor.swift in Sources */,
				1F660F312A7829700072925A /* ShapeElement.swift in Sources */,
				1F52FD8B2A8156A6005ECBDD /* Media.swift in Sources */,
				1F302C8D2A7FA3A2005956C0 /* DependentPoints.swift in Sources */,
				1F7B718E2A9D1F44004E5A2E /* View+.swift in Sources */,
				1F24ABAE2A968B2900788F74 /* CashManager.swift in Sources */,
				1F682A6C2A9B74FE003F846C /* EditMode.swift in Sources */,
				1F660F232A781F050072925A /* ReducerProtocol.swift in Sources */,
				1F2CB9752AA7C83800725D2F /* TextItemView.swift in Sources */,
				1F660F4C2A7839200072925A /* ElementsChanger.swift in Sources */,
				1F4E69742AA12C5E00D45B84 /* FiltersSelectorView.swift in Sources */,
				1F660F482A78321A0072925A /* CollageShape.swift in Sources */,
				1F660F2F2A7829580072925A /* ControlPointsExtractor.swift in Sources */,
				1F4E86832A84FE560019AAB3 /* VideoSettings.swift in Sources */,
				1F4EC4DA2A9E705A008701DE /* FiltersModifier.swift in Sources */,
				1F24ABB02A968F5800788F74 /* AdjustmentsModifier.swift in Sources */,
				1F70EA312A8D4BA70057D9FD /* CollageEditorView.swift in Sources */,
				1F682A702A9BDB54003F846C /* CGImagePropertyOrientation+.swift in Sources */,
				1F660F432A782E6B0072925A /* CGRect+.swift in Sources */,
				1F83E6642AA9E456006A2704 /* TextModification.swift in Sources */,
				1F2E07D92A92730700A71926 /* Blur.swift in Sources */,
				1F660F4A2A78324D0072925A /* ControlPointsView.swift in Sources */,
				1F5DF5C82A76726A00430AF1 /* CollageBuilderView.swift in Sources */,
				1F47FE582A8FB38000E96210 /* Resource.swift in Sources */,
				1F660F3E2A782DEF0072925A /* GridView.swift in Sources */,
				1F83E6622AA9D4CD006A2704 /* ElementType.swift in Sources */,
				1F660F262A781F570072925A /* AppState.swift in Sources */,
				1F47FE502A8FA5CD00E96210 /* BlendModeSelectorView.swift in Sources */,
				1F5FF8E22AA51DCD00CF7B7F /* Transforms.swift in Sources */,
				1F7759692A976AB300A57060 /* CGFloat+.swift in Sources */,
				1F660F332A78298F0072925A /* ControlPoint.swift in Sources */,
				1F83E66D2AAA0116006A2704 /* TextEditorView.swift in Sources */,
				1F47FE4E2A8F9B8B00E96210 /* ShapeReducer.swift in Sources */,
				1F4EC4DD2A9E7752008701DE /* ColorFilter.swift in Sources */,
				1F5FF8DF2AA51D2F00CF7B7F /* TextSettings.swift in Sources */,
				1F24ABAC2A96842F00788F74 /* Adjustments.swift in Sources */,
				1F660F2D2A7825560072925A /* ShapeData.swift in Sources */,
				1F2E07DC2A92739500A71926 /* BlurModifier.swift in Sources */,
				1F2D3F502A82C26000EA6307 /* VideoPlayer.swift in Sources */,
				1F83E6692AA9F10D006A2704 /* FontSelectorView.swift in Sources */,
				1F47FE6D2A8FEEAB00E96210 /* DependentPointsConectorView.swift in Sources */,
				1F5FF8DC2AA4B0C500CF7B7F /* TextSelectorView.swift in Sources */,
				1F2D3F4C2A82A45B00EA6307 /* ShapeItemView.swift in Sources */,
				1F68699A2A810FD1006C2B6C /* CodableWrapper.swift in Sources */,
				1F574C072A8C11AC00B0EC2E /* CollageModification.swift in Sources */,
				1F47FE652A8FBA3400E96210 /* CollageView.swift in Sources */,
				1F24ABB22A969AD200788F74 /* AdjustmentsSelectorView.swift in Sources */,
				1F5FF8E72AA51F2D00CF7B7F /* TextView.swift in Sources */,
				1F2638382A83B67C00022E1C /* Modifier.swift in Sources */,
				1F53337E2A8AB0B80068069B /* ContentBlendMode.swift in Sources */,
				1F32A2042A7C3A14006A4AAE /* PointsRecognizer.swift in Sources */,
				1F52FD892A815516005ECBDD /* DataRepresentable.swift in Sources */,
				1F52FD8D2A815E36005ECBDD /* PathCreator.swift in Sources */,
				1F53337C2A8AADC40068069B /* ZPositionSelectorView.swift in Sources */,
				1F574C032A8BFFFA00B0EC2E /* CollageReducer.swift in Sources */,
				1F6869982A810E78006C2B6C /* UIImage+.swift in Sources */,
				1F660F212A781EDC0072925A /* AppReducer.swift in Sources */,
				1F26383A2A83B69900022E1C /* SharedContext.swift in Sources */,
				1F47FE672A8FC87600E96210 /* GestureReducer.swift in Sources */,
				1F682A6E2A9B78BC003F846C /* TransformsModifier.swift in Sources */,
				1F4E86812A84FDBC0019AAB3 /* VideoTrim.swift in Sources */,
				1F5DF5C62A76726A00430AF1 /* CollageBuilderApp.swift in Sources */,
				1F660F452A782E6B0072925A /* CGPoint+.swift in Sources */,
				1F7759662A97676B00A57060 /* CommonSliderView.swift in Sources */,
				1F2D3F542A82C6C800EA6307 /* VideoPlayerView.swift in Sources */,
				1F54DB312A9548CC0075DE94 /* ModifiedImage.swift in Sources */,
				1F4EC4D82A9E2B6C008701DE /* MediaView.swift in Sources */,
			);
			runOnlyForDeploymentPostprocessing = 0;
		};
/* End PBXSourcesBuildPhase section */

/* Begin XCBuildConfiguration section */
		1F5DF5CF2A76726C00430AF1 /* Debug */ = {
			isa = XCBuildConfiguration;
			buildSettings = {
				ALWAYS_SEARCH_USER_PATHS = NO;
				CLANG_ANALYZER_NONNULL = YES;
				CLANG_ANALYZER_NUMBER_OBJECT_CONVERSION = YES_AGGRESSIVE;
				CLANG_CXX_LANGUAGE_STANDARD = "gnu++20";
				CLANG_ENABLE_MODULES = YES;
				CLANG_ENABLE_OBJC_ARC = YES;
				CLANG_ENABLE_OBJC_WEAK = YES;
				CLANG_WARN_BLOCK_CAPTURE_AUTORELEASING = YES;
				CLANG_WARN_BOOL_CONVERSION = YES;
				CLANG_WARN_COMMA = YES;
				CLANG_WARN_CONSTANT_CONVERSION = YES;
				CLANG_WARN_DEPRECATED_OBJC_IMPLEMENTATIONS = YES;
				CLANG_WARN_DIRECT_OBJC_ISA_USAGE = YES_ERROR;
				CLANG_WARN_DOCUMENTATION_COMMENTS = YES;
				CLANG_WARN_EMPTY_BODY = YES;
				CLANG_WARN_ENUM_CONVERSION = YES;
				CLANG_WARN_INFINITE_RECURSION = YES;
				CLANG_WARN_INT_CONVERSION = YES;
				CLANG_WARN_NON_LITERAL_NULL_CONVERSION = YES;
				CLANG_WARN_OBJC_IMPLICIT_RETAIN_SELF = YES;
				CLANG_WARN_OBJC_LITERAL_CONVERSION = YES;
				CLANG_WARN_OBJC_ROOT_CLASS = YES_ERROR;
				CLANG_WARN_QUOTED_INCLUDE_IN_FRAMEWORK_HEADER = YES;
				CLANG_WARN_RANGE_LOOP_ANALYSIS = YES;
				CLANG_WARN_STRICT_PROTOTYPES = YES;
				CLANG_WARN_SUSPICIOUS_MOVE = YES;
				CLANG_WARN_UNGUARDED_AVAILABILITY = YES_AGGRESSIVE;
				CLANG_WARN_UNREACHABLE_CODE = YES;
				CLANG_WARN__DUPLICATE_METHOD_MATCH = YES;
				COPY_PHASE_STRIP = NO;
				DEBUG_INFORMATION_FORMAT = dwarf;
				ENABLE_STRICT_OBJC_MSGSEND = YES;
				ENABLE_TESTABILITY = YES;
				GCC_C_LANGUAGE_STANDARD = gnu11;
				GCC_DYNAMIC_NO_PIC = NO;
				GCC_NO_COMMON_BLOCKS = YES;
				GCC_OPTIMIZATION_LEVEL = 0;
				GCC_PREPROCESSOR_DEFINITIONS = (
					"DEBUG=1",
					"$(inherited)",
				);
				GCC_WARN_64_TO_32_BIT_CONVERSION = YES;
				GCC_WARN_ABOUT_RETURN_TYPE = YES_ERROR;
				GCC_WARN_UNDECLARED_SELECTOR = YES;
				GCC_WARN_UNINITIALIZED_AUTOS = YES_AGGRESSIVE;
				GCC_WARN_UNUSED_FUNCTION = YES;
				GCC_WARN_UNUSED_VARIABLE = YES;
				MTL_ENABLE_DEBUG_INFO = INCLUDE_SOURCE;
				MTL_FAST_MATH = YES;
				ONLY_ACTIVE_ARCH = YES;
				SWIFT_ACTIVE_COMPILATION_CONDITIONS = DEBUG;
				SWIFT_OPTIMIZATION_LEVEL = "-Onone";
			};
			name = Debug;
		};
		1F5DF5D02A76726C00430AF1 /* Release */ = {
			isa = XCBuildConfiguration;
			buildSettings = {
				ALWAYS_SEARCH_USER_PATHS = NO;
				CLANG_ANALYZER_NONNULL = YES;
				CLANG_ANALYZER_NUMBER_OBJECT_CONVERSION = YES_AGGRESSIVE;
				CLANG_CXX_LANGUAGE_STANDARD = "gnu++20";
				CLANG_ENABLE_MODULES = YES;
				CLANG_ENABLE_OBJC_ARC = YES;
				CLANG_ENABLE_OBJC_WEAK = YES;
				CLANG_WARN_BLOCK_CAPTURE_AUTORELEASING = YES;
				CLANG_WARN_BOOL_CONVERSION = YES;
				CLANG_WARN_COMMA = YES;
				CLANG_WARN_CONSTANT_CONVERSION = YES;
				CLANG_WARN_DEPRECATED_OBJC_IMPLEMENTATIONS = YES;
				CLANG_WARN_DIRECT_OBJC_ISA_USAGE = YES_ERROR;
				CLANG_WARN_DOCUMENTATION_COMMENTS = YES;
				CLANG_WARN_EMPTY_BODY = YES;
				CLANG_WARN_ENUM_CONVERSION = YES;
				CLANG_WARN_INFINITE_RECURSION = YES;
				CLANG_WARN_INT_CONVERSION = YES;
				CLANG_WARN_NON_LITERAL_NULL_CONVERSION = YES;
				CLANG_WARN_OBJC_IMPLICIT_RETAIN_SELF = YES;
				CLANG_WARN_OBJC_LITERAL_CONVERSION = YES;
				CLANG_WARN_OBJC_ROOT_CLASS = YES_ERROR;
				CLANG_WARN_QUOTED_INCLUDE_IN_FRAMEWORK_HEADER = YES;
				CLANG_WARN_RANGE_LOOP_ANALYSIS = YES;
				CLANG_WARN_STRICT_PROTOTYPES = YES;
				CLANG_WARN_SUSPICIOUS_MOVE = YES;
				CLANG_WARN_UNGUARDED_AVAILABILITY = YES_AGGRESSIVE;
				CLANG_WARN_UNREACHABLE_CODE = YES;
				CLANG_WARN__DUPLICATE_METHOD_MATCH = YES;
				COPY_PHASE_STRIP = NO;
				DEBUG_INFORMATION_FORMAT = "dwarf-with-dsym";
				ENABLE_NS_ASSERTIONS = NO;
				ENABLE_STRICT_OBJC_MSGSEND = YES;
				GCC_C_LANGUAGE_STANDARD = gnu11;
				GCC_NO_COMMON_BLOCKS = YES;
				GCC_WARN_64_TO_32_BIT_CONVERSION = YES;
				GCC_WARN_ABOUT_RETURN_TYPE = YES_ERROR;
				GCC_WARN_UNDECLARED_SELECTOR = YES;
				GCC_WARN_UNINITIALIZED_AUTOS = YES_AGGRESSIVE;
				GCC_WARN_UNUSED_FUNCTION = YES;
				GCC_WARN_UNUSED_VARIABLE = YES;
				MTL_ENABLE_DEBUG_INFO = NO;
				MTL_FAST_MATH = YES;
				SWIFT_COMPILATION_MODE = wholemodule;
				SWIFT_OPTIMIZATION_LEVEL = "-O";
			};
			name = Release;
		};
		1F5DF5D22A76726C00430AF1 /* Debug */ = {
			isa = XCBuildConfiguration;
			buildSettings = {
				ASSETCATALOG_COMPILER_APPICON_NAME = AppIcon;
				ASSETCATALOG_COMPILER_GLOBAL_ACCENT_COLOR_NAME = AccentColor;
				CODE_SIGN_ENTITLEMENTS = CollageBuilder/CollageBuilder.entitlements;
				CODE_SIGN_STYLE = Automatic;
				CURRENT_PROJECT_VERSION = 1;
				DEVELOPMENT_ASSET_PATHS = "\"CollageBuilder/Preview Content\"";
				DEVELOPMENT_TEAM = UCB224M3GK;
				ENABLE_HARDENED_RUNTIME = YES;
				ENABLE_PREVIEWS = YES;
				GENERATE_INFOPLIST_FILE = YES;
				"INFOPLIST_KEY_UIApplicationSceneManifest_Generation[sdk=iphoneos*]" = YES;
				"INFOPLIST_KEY_UIApplicationSceneManifest_Generation[sdk=iphonesimulator*]" = YES;
				"INFOPLIST_KEY_UIApplicationSupportsIndirectInputEvents[sdk=iphoneos*]" = YES;
				"INFOPLIST_KEY_UIApplicationSupportsIndirectInputEvents[sdk=iphonesimulator*]" = YES;
				"INFOPLIST_KEY_UILaunchScreen_Generation[sdk=iphoneos*]" = YES;
				"INFOPLIST_KEY_UILaunchScreen_Generation[sdk=iphonesimulator*]" = YES;
				"INFOPLIST_KEY_UIStatusBarStyle[sdk=iphoneos*]" = UIStatusBarStyleDefault;
				"INFOPLIST_KEY_UIStatusBarStyle[sdk=iphonesimulator*]" = UIStatusBarStyleDefault;
				INFOPLIST_KEY_UISupportedInterfaceOrientations_iPad = "UIInterfaceOrientationPortrait UIInterfaceOrientationPortraitUpsideDown UIInterfaceOrientationLandscapeLeft UIInterfaceOrientationLandscapeRight";
				INFOPLIST_KEY_UISupportedInterfaceOrientations_iPhone = "UIInterfaceOrientationPortrait UIInterfaceOrientationLandscapeLeft UIInterfaceOrientationLandscapeRight";
				IPHONEOS_DEPLOYMENT_TARGET = 16.4;
				LD_RUNPATH_SEARCH_PATHS = "@executable_path/Frameworks";
				"LD_RUNPATH_SEARCH_PATHS[sdk=macosx*]" = "@executable_path/../Frameworks";
				MACOSX_DEPLOYMENT_TARGET = 13.3;
				MARKETING_VERSION = 1.0;
				PRODUCT_BUNDLE_IDENTIFIER = AliakseiOrganization.CollageBuilder;
				PRODUCT_NAME = "$(TARGET_NAME)";
				SDKROOT = auto;
				SUPPORTED_PLATFORMS = "iphoneos iphonesimulator macosx";
				SWIFT_EMIT_LOC_STRINGS = YES;
				SWIFT_VERSION = 5.0;
				TARGETED_DEVICE_FAMILY = "1,2";
			};
			name = Debug;
		};
		1F5DF5D32A76726C00430AF1 /* Release */ = {
			isa = XCBuildConfiguration;
			buildSettings = {
				ASSETCATALOG_COMPILER_APPICON_NAME = AppIcon;
				ASSETCATALOG_COMPILER_GLOBAL_ACCENT_COLOR_NAME = AccentColor;
				CODE_SIGN_ENTITLEMENTS = CollageBuilder/CollageBuilder.entitlements;
				CODE_SIGN_STYLE = Automatic;
				CURRENT_PROJECT_VERSION = 1;
				DEVELOPMENT_ASSET_PATHS = "\"CollageBuilder/Preview Content\"";
				DEVELOPMENT_TEAM = UCB224M3GK;
				ENABLE_HARDENED_RUNTIME = YES;
				ENABLE_PREVIEWS = YES;
				GENERATE_INFOPLIST_FILE = YES;
				"INFOPLIST_KEY_UIApplicationSceneManifest_Generation[sdk=iphoneos*]" = YES;
				"INFOPLIST_KEY_UIApplicationSceneManifest_Generation[sdk=iphonesimulator*]" = YES;
				"INFOPLIST_KEY_UIApplicationSupportsIndirectInputEvents[sdk=iphoneos*]" = YES;
				"INFOPLIST_KEY_UIApplicationSupportsIndirectInputEvents[sdk=iphonesimulator*]" = YES;
				"INFOPLIST_KEY_UILaunchScreen_Generation[sdk=iphoneos*]" = YES;
				"INFOPLIST_KEY_UILaunchScreen_Generation[sdk=iphonesimulator*]" = YES;
				"INFOPLIST_KEY_UIStatusBarStyle[sdk=iphoneos*]" = UIStatusBarStyleDefault;
				"INFOPLIST_KEY_UIStatusBarStyle[sdk=iphonesimulator*]" = UIStatusBarStyleDefault;
				INFOPLIST_KEY_UISupportedInterfaceOrientations_iPad = "UIInterfaceOrientationPortrait UIInterfaceOrientationPortraitUpsideDown UIInterfaceOrientationLandscapeLeft UIInterfaceOrientationLandscapeRight";
				INFOPLIST_KEY_UISupportedInterfaceOrientations_iPhone = "UIInterfaceOrientationPortrait UIInterfaceOrientationLandscapeLeft UIInterfaceOrientationLandscapeRight";
				IPHONEOS_DEPLOYMENT_TARGET = 16.4;
				LD_RUNPATH_SEARCH_PATHS = "@executable_path/Frameworks";
				"LD_RUNPATH_SEARCH_PATHS[sdk=macosx*]" = "@executable_path/../Frameworks";
				MACOSX_DEPLOYMENT_TARGET = 13.3;
				MARKETING_VERSION = 1.0;
				PRODUCT_BUNDLE_IDENTIFIER = AliakseiOrganization.CollageBuilder;
				PRODUCT_NAME = "$(TARGET_NAME)";
				SDKROOT = auto;
				SUPPORTED_PLATFORMS = "iphoneos iphonesimulator macosx";
				SWIFT_EMIT_LOC_STRINGS = YES;
				SWIFT_VERSION = 5.0;
				TARGETED_DEVICE_FAMILY = "1,2";
			};
			name = Release;
		};
/* End XCBuildConfiguration section */

/* Begin XCConfigurationList section */
		1F5DF5BD2A76726A00430AF1 /* Build configuration list for PBXProject "CollageBuilder" */ = {
			isa = XCConfigurationList;
			buildConfigurations = (
				1F5DF5CF2A76726C00430AF1 /* Debug */,
				1F5DF5D02A76726C00430AF1 /* Release */,
			);
			defaultConfigurationIsVisible = 0;
			defaultConfigurationName = Release;
		};
		1F5DF5D12A76726C00430AF1 /* Build configuration list for PBXNativeTarget "CollageBuilder" */ = {
			isa = XCConfigurationList;
			buildConfigurations = (
				1F5DF5D22A76726C00430AF1 /* Debug */,
				1F5DF5D32A76726C00430AF1 /* Release */,
			);
			defaultConfigurationIsVisible = 0;
			defaultConfigurationName = Release;
		};
/* End XCConfigurationList section */
	};
	rootObject = 1F5DF5BA2A76726A00430AF1 /* Project object */;
}
