// !$*UTF8*$!
{
	archiveVersion = 1;
	classes = {
	};
	objectVersion = 56;
	objects = {

/* Begin PBXBuildFile section */
		1F32A2042A7C3A14006A4AAE /* PointsRecognizer.swift in Sources */ = {isa = PBXBuildFile; fileRef = 1F32A2032A7C3A14006A4AAE /* PointsRecognizer.swift */; };
		1F347B5D2A79950C008915BF /* CollageChanger.swift in Sources */ = {isa = PBXBuildFile; fileRef = 1F347B5C2A79950C008915BF /* CollageChanger.swift */; };
		1F3BD2762A7AB3B9001E7ACB /* Collage.swift in Sources */ = {isa = PBXBuildFile; fileRef = 1F3BD2752A7AB3B9001E7ACB /* Collage.swift */; };
		1F5DF5C62A76726A00430AF1 /* CollageBuilderApp.swift in Sources */ = {isa = PBXBuildFile; fileRef = 1F5DF5C52A76726A00430AF1 /* CollageBuilderApp.swift */; };
		1F5DF5C82A76726A00430AF1 /* CollageBuiderView.swift in Sources */ = {isa = PBXBuildFile; fileRef = 1F5DF5C72A76726A00430AF1 /* CollageBuiderView.swift */; };
		1F5DF5CA2A76726C00430AF1 /* Assets.xcassets in Resources */ = {isa = PBXBuildFile; fileRef = 1F5DF5C92A76726C00430AF1 /* Assets.xcassets */; };
		1F5DF5CE2A76726C00430AF1 /* Preview Assets.xcassets in Resources */ = {isa = PBXBuildFile; fileRef = 1F5DF5CD2A76726C00430AF1 /* Preview Assets.xcassets */; };
		1F660F1E2A78174D0072925A /* Store.swift in Sources */ = {isa = PBXBuildFile; fileRef = 1F660F1D2A78174D0072925A /* Store.swift */; };
		1F660F212A781EDC0072925A /* AppReducer.swift in Sources */ = {isa = PBXBuildFile; fileRef = 1F660F202A781EDC0072925A /* AppReducer.swift */; };
		1F660F232A781F050072925A /* ReducerProtocol.swift in Sources */ = {isa = PBXBuildFile; fileRef = 1F660F222A781F050072925A /* ReducerProtocol.swift */; };
		1F660F262A781F570072925A /* AppState.swift in Sources */ = {isa = PBXBuildFile; fileRef = 1F660F252A781F570072925A /* AppState.swift */; };
		1F660F292A781F8C0072925A /* AppAction.swift in Sources */ = {isa = PBXBuildFile; fileRef = 1F660F282A781F8C0072925A /* AppAction.swift */; };
		1F660F2D2A7825560072925A /* ShapeData.swift in Sources */ = {isa = PBXBuildFile; fileRef = 1F660F2C2A7825560072925A /* ShapeData.swift */; };
		1F660F2F2A7829580072925A /* ControlPointsExtractor.swift in Sources */ = {isa = PBXBuildFile; fileRef = 1F660F2E2A7829580072925A /* ControlPointsExtractor.swift */; };
		1F660F312A7829700072925A /* ShapeElement.swift in Sources */ = {isa = PBXBuildFile; fileRef = 1F660F302A7829700072925A /* ShapeElement.swift */; };
		1F660F332A78298F0072925A /* ControlPoint.swift in Sources */ = {isa = PBXBuildFile; fileRef = 1F660F322A78298F0072925A /* ControlPoint.swift */; };
		1F660F352A782D010072925A /* AppStorePreview.swift in Sources */ = {isa = PBXBuildFile; fileRef = 1F660F342A782D010072925A /* AppStorePreview.swift */; };
		1F660F382A782D4B0072925A /* GestureView.swift in Sources */ = {isa = PBXBuildFile; fileRef = 1F660F372A782D4B0072925A /* GestureView.swift */; };
		1F660F3A2A782D640072925A /* GestureUIView.swift in Sources */ = {isa = PBXBuildFile; fileRef = 1F660F392A782D640072925A /* GestureUIView.swift */; };
		1F660F3C2A782D820072925A /* GestureState.swift in Sources */ = {isa = PBXBuildFile; fileRef = 1F660F3B2A782D820072925A /* GestureState.swift */; };
		1F660F3E2A782DEF0072925A /* GridView.swift in Sources */ = {isa = PBXBuildFile; fileRef = 1F660F3D2A782DEF0072925A /* GridView.swift */; };
		1F660F432A782E6B0072925A /* CGRect+.swift in Sources */ = {isa = PBXBuildFile; fileRef = 1F660F402A782E6B0072925A /* CGRect+.swift */; };
		1F660F442A782E6B0072925A /* CGSize+.swift in Sources */ = {isa = PBXBuildFile; fileRef = 1F660F412A782E6B0072925A /* CGSize+.swift */; };
		1F660F452A782E6B0072925A /* CGPoint+.swift in Sources */ = {isa = PBXBuildFile; fileRef = 1F660F422A782E6B0072925A /* CGPoint+.swift */; };
		1F660F482A78321A0072925A /* CollageShape.swift in Sources */ = {isa = PBXBuildFile; fileRef = 1F660F472A78321A0072925A /* CollageShape.swift */; };
		1F660F4A2A78324D0072925A /* ControlPointsView.swift in Sources */ = {isa = PBXBuildFile; fileRef = 1F660F492A78324D0072925A /* ControlPointsView.swift */; };
		1F660F4C2A7839200072925A /* ElementsChanger.swift in Sources */ = {isa = PBXBuildFile; fileRef = 1F660F4B2A7839200072925A /* ElementsChanger.swift */; };
/* End PBXBuildFile section */

/* Begin PBXFileReference section */
		1F32A2032A7C3A14006A4AAE /* PointsRecognizer.swift */ = {isa = PBXFileReference; lastKnownFileType = sourcecode.swift; path = PointsRecognizer.swift; sourceTree = "<group>"; };
		1F347B5C2A79950C008915BF /* CollageChanger.swift */ = {isa = PBXFileReference; lastKnownFileType = sourcecode.swift; path = CollageChanger.swift; sourceTree = "<group>"; };
		1F3BD2752A7AB3B9001E7ACB /* Collage.swift */ = {isa = PBXFileReference; lastKnownFileType = sourcecode.swift; path = Collage.swift; sourceTree = "<group>"; };
		1F5DF5C22A76726A00430AF1 /* CollageBuilder.app */ = {isa = PBXFileReference; explicitFileType = wrapper.application; includeInIndex = 0; path = CollageBuilder.app; sourceTree = BUILT_PRODUCTS_DIR; };
		1F5DF5C52A76726A00430AF1 /* CollageBuilderApp.swift */ = {isa = PBXFileReference; lastKnownFileType = sourcecode.swift; path = CollageBuilderApp.swift; sourceTree = "<group>"; };
		1F5DF5C72A76726A00430AF1 /* CollageBuiderView.swift */ = {isa = PBXFileReference; lastKnownFileType = sourcecode.swift; path = CollageBuiderView.swift; sourceTree = "<group>"; };
		1F5DF5C92A76726C00430AF1 /* Assets.xcassets */ = {isa = PBXFileReference; lastKnownFileType = folder.assetcatalog; path = Assets.xcassets; sourceTree = "<group>"; };
		1F5DF5CB2A76726C00430AF1 /* CollageBuilder.entitlements */ = {isa = PBXFileReference; lastKnownFileType = text.plist.entitlements; path = CollageBuilder.entitlements; sourceTree = "<group>"; };
		1F5DF5CD2A76726C00430AF1 /* Preview Assets.xcassets */ = {isa = PBXFileReference; lastKnownFileType = folder.assetcatalog; path = "Preview Assets.xcassets"; sourceTree = "<group>"; };
		1F660F1D2A78174D0072925A /* Store.swift */ = {isa = PBXFileReference; lastKnownFileType = sourcecode.swift; path = Store.swift; sourceTree = "<group>"; };
		1F660F202A781EDC0072925A /* AppReducer.swift */ = {isa = PBXFileReference; lastKnownFileType = sourcecode.swift; path = AppReducer.swift; sourceTree = "<group>"; };
		1F660F222A781F050072925A /* ReducerProtocol.swift */ = {isa = PBXFileReference; lastKnownFileType = sourcecode.swift; path = ReducerProtocol.swift; sourceTree = "<group>"; };
		1F660F252A781F570072925A /* AppState.swift */ = {isa = PBXFileReference; lastKnownFileType = sourcecode.swift; path = AppState.swift; sourceTree = "<group>"; };
		1F660F282A781F8C0072925A /* AppAction.swift */ = {isa = PBXFileReference; lastKnownFileType = sourcecode.swift; path = AppAction.swift; sourceTree = "<group>"; };
		1F660F2C2A7825560072925A /* ShapeData.swift */ = {isa = PBXFileReference; lastKnownFileType = sourcecode.swift; path = ShapeData.swift; sourceTree = "<group>"; };
		1F660F2E2A7829580072925A /* ControlPointsExtractor.swift */ = {isa = PBXFileReference; lastKnownFileType = sourcecode.swift; path = ControlPointsExtractor.swift; sourceTree = "<group>"; };
		1F660F302A7829700072925A /* ShapeElement.swift */ = {isa = PBXFileReference; lastKnownFileType = sourcecode.swift; path = ShapeElement.swift; sourceTree = "<group>"; };
		1F660F322A78298F0072925A /* ControlPoint.swift */ = {isa = PBXFileReference; lastKnownFileType = sourcecode.swift; path = ControlPoint.swift; sourceTree = "<group>"; };
		1F660F342A782D010072925A /* AppStorePreview.swift */ = {isa = PBXFileReference; lastKnownFileType = sourcecode.swift; path = AppStorePreview.swift; sourceTree = "<group>"; };
		1F660F372A782D4B0072925A /* GestureView.swift */ = {isa = PBXFileReference; lastKnownFileType = sourcecode.swift; path = GestureView.swift; sourceTree = "<group>"; };
		1F660F392A782D640072925A /* GestureUIView.swift */ = {isa = PBXFileReference; lastKnownFileType = sourcecode.swift; path = GestureUIView.swift; sourceTree = "<group>"; };
		1F660F3B2A782D820072925A /* GestureState.swift */ = {isa = PBXFileReference; lastKnownFileType = sourcecode.swift; path = GestureState.swift; sourceTree = "<group>"; };
		1F660F3D2A782DEF0072925A /* GridView.swift */ = {isa = PBXFileReference; lastKnownFileType = sourcecode.swift; path = GridView.swift; sourceTree = "<group>"; };
		1F660F402A782E6B0072925A /* CGRect+.swift */ = {isa = PBXFileReference; fileEncoding = 4; lastKnownFileType = sourcecode.swift; path = "CGRect+.swift"; sourceTree = "<group>"; };
		1F660F412A782E6B0072925A /* CGSize+.swift */ = {isa = PBXFileReference; fileEncoding = 4; lastKnownFileType = sourcecode.swift; path = "CGSize+.swift"; sourceTree = "<group>"; };
		1F660F422A782E6B0072925A /* CGPoint+.swift */ = {isa = PBXFileReference; fileEncoding = 4; lastKnownFileType = sourcecode.swift; path = "CGPoint+.swift"; sourceTree = "<group>"; };
		1F660F472A78321A0072925A /* CollageShape.swift */ = {isa = PBXFileReference; lastKnownFileType = sourcecode.swift; path = CollageShape.swift; sourceTree = "<group>"; };
		1F660F492A78324D0072925A /* ControlPointsView.swift */ = {isa = PBXFileReference; fileEncoding = 4; lastKnownFileType = sourcecode.swift; path = ControlPointsView.swift; sourceTree = "<group>"; };
		1F660F4B2A7839200072925A /* ElementsChanger.swift */ = {isa = PBXFileReference; lastKnownFileType = sourcecode.swift; path = ElementsChanger.swift; sourceTree = "<group>"; };
/* End PBXFileReference section */

/* Begin PBXFrameworksBuildPhase section */
		1F5DF5BF2A76726A00430AF1 /* Frameworks */ = {
			isa = PBXFrameworksBuildPhase;
			buildActionMask = 2147483647;
			files = (
			);
			runOnlyForDeploymentPostprocessing = 0;
		};
/* End PBXFrameworksBuildPhase section */

/* Begin PBXGroup section */
		1F5DF5B92A76726A00430AF1 = {
			isa = PBXGroup;
			children = (
				1F5DF5C42A76726A00430AF1 /* CollageBuilder */,
				1F5DF5C32A76726A00430AF1 /* Products */,
			);
			sourceTree = "<group>";
		};
		1F5DF5C32A76726A00430AF1 /* Products */ = {
			isa = PBXGroup;
			children = (
				1F5DF5C22A76726A00430AF1 /* CollageBuilder.app */,
			);
			name = Products;
			sourceTree = "<group>";
		};
		1F5DF5C42A76726A00430AF1 /* CollageBuilder */ = {
			isa = PBXGroup;
			children = (
				1F5DF5C52A76726A00430AF1 /* CollageBuilderApp.swift */,
				1F5DF5C72A76726A00430AF1 /* CollageBuiderView.swift */,
				1F660F3D2A782DEF0072925A /* GridView.swift */,
				1F660F492A78324D0072925A /* ControlPointsView.swift */,
				1F660F1C2A78172A0072925A /* AppStore */,
				1F660F1F2A781EAB0072925A /* AppReducer */,
				1F660F272A781F6F0072925A /* AppAction */,
				1F660F242A781F290072925A /* AppState */,
				1F660F2B2A7825360072925A /* CollageCore */,
				1F5DF5C92A76726C00430AF1 /* Assets.xcassets */,
				1F5DF5CB2A76726C00430AF1 /* CollageBuilder.entitlements */,
				1F5DF5CC2A76726C00430AF1 /* Preview Content */,
			);
			path = CollageBuilder;
			sourceTree = "<group>";
		};
		1F5DF5CC2A76726C00430AF1 /* Preview Content */ = {
			isa = PBXGroup;
			children = (
				1F5DF5CD2A76726C00430AF1 /* Preview Assets.xcassets */,
			);
			path = "Preview Content";
			sourceTree = "<group>";
		};
		1F660F1C2A78172A0072925A /* AppStore */ = {
			isa = PBXGroup;
			children = (
				1F660F1D2A78174D0072925A /* Store.swift */,
				1F660F342A782D010072925A /* AppStorePreview.swift */,
			);
			path = AppStore;
			sourceTree = "<group>";
		};
		1F660F1F2A781EAB0072925A /* AppReducer */ = {
			isa = PBXGroup;
			children = (
				1F660F202A781EDC0072925A /* AppReducer.swift */,
				1F660F222A781F050072925A /* ReducerProtocol.swift */,
			);
			path = AppReducer;
			sourceTree = "<group>";
		};
		1F660F242A781F290072925A /* AppState */ = {
			isa = PBXGroup;
			children = (
				1F660F252A781F570072925A /* AppState.swift */,
			);
			path = AppState;
			sourceTree = "<group>";
		};
		1F660F272A781F6F0072925A /* AppAction */ = {
			isa = PBXGroup;
			children = (
				1F660F282A781F8C0072925A /* AppAction.swift */,
			);
			path = AppAction;
			sourceTree = "<group>";
		};
		1F660F2B2A7825360072925A /* CollageCore */ = {
			isa = PBXGroup;
			children = (
				1F660F2C2A7825560072925A /* ShapeData.swift */,
				1F3BD2752A7AB3B9001E7ACB /* Collage.swift */,
				1F660F302A7829700072925A /* ShapeElement.swift */,
				1F660F322A78298F0072925A /* ControlPoint.swift */,
				1F660F2E2A7829580072925A /* ControlPointsExtractor.swift */,
				1F660F4B2A7839200072925A /* ElementsChanger.swift */,
				1F347B5C2A79950C008915BF /* CollageChanger.swift */,
				1F32A2032A7C3A14006A4AAE /* PointsRecognizer.swift */,
				1F660F362A782D3F0072925A /* GestureView */,
				1F660F462A7831ED0072925A /* Views */,
				1F660F3F2A782E410072925A /* Extensions */,
			);
			name = CollageCore;
			path = AppState/CollageCore;
			sourceTree = "<group>";
		};
		1F660F362A782D3F0072925A /* GestureView */ = {
			isa = PBXGroup;
			children = (
				1F660F372A782D4B0072925A /* GestureView.swift */,
				1F660F392A782D640072925A /* GestureUIView.swift */,
				1F660F3B2A782D820072925A /* GestureState.swift */,
			);
			path = GestureView;
			sourceTree = "<group>";
		};
		1F660F3F2A782E410072925A /* Extensions */ = {
			isa = PBXGroup;
			children = (
				1F660F422A782E6B0072925A /* CGPoint+.swift */,
				1F660F402A782E6B0072925A /* CGRect+.swift */,
				1F660F412A782E6B0072925A /* CGSize+.swift */,
			);
			path = Extensions;
			sourceTree = "<group>";
		};
		1F660F462A7831ED0072925A /* Views */ = {
			isa = PBXGroup;
			children = (
				1F660F472A78321A0072925A /* CollageShape.swift */,
			);
			path = Views;
			sourceTree = "<group>";
		};
/* End PBXGroup section */

/* Begin PBXNativeTarget section */
		1F5DF5C12A76726A00430AF1 /* CollageBuilder */ = {
			isa = PBXNativeTarget;
			buildConfigurationList = 1F5DF5D12A76726C00430AF1 /* Build configuration list for PBXNativeTarget "CollageBuilder" */;
			buildPhases = (
				1F5DF5BE2A76726A00430AF1 /* Sources */,
				1F5DF5BF2A76726A00430AF1 /* Frameworks */,
				1F5DF5C02A76726A00430AF1 /* Resources */,
			);
			buildRules = (
			);
			dependencies = (
			);
			name = CollageBuilder;
			productName = CollageBuilder;
			productReference = 1F5DF5C22A76726A00430AF1 /* CollageBuilder.app */;
			productType = "com.apple.product-type.application";
		};
/* End PBXNativeTarget section */

/* Begin PBXProject section */
		1F5DF5BA2A76726A00430AF1 /* Project object */ = {
			isa = PBXProject;
			attributes = {
				BuildIndependentTargetsInParallel = 1;
				LastSwiftUpdateCheck = 1430;
				LastUpgradeCheck = 1430;
				TargetAttributes = {
					1F5DF5C12A76726A00430AF1 = {
						CreatedOnToolsVersion = 14.3.1;
					};
				};
			};
			buildConfigurationList = 1F5DF5BD2A76726A00430AF1 /* Build configuration list for PBXProject "CollageBuilder" */;
			compatibilityVersion = "Xcode 14.0";
			developmentRegion = en;
			hasScannedForEncodings = 0;
			knownRegions = (
				en,
				Base,
			);
			mainGroup = 1F5DF5B92A76726A00430AF1;
			productRefGroup = 1F5DF5C32A76726A00430AF1 /* Products */;
			projectDirPath = "";
			projectRoot = "";
			targets = (
				1F5DF5C12A76726A00430AF1 /* CollageBuilder */,
			);
		};
/* End PBXProject section */

/* Begin PBXResourcesBuildPhase section */
		1F5DF5C02A76726A00430AF1 /* Resources */ = {
			isa = PBXResourcesBuildPhase;
			buildActionMask = 2147483647;
			files = (
				1F5DF5CE2A76726C00430AF1 /* Preview Assets.xcassets in Resources */,
				1F5DF5CA2A76726C00430AF1 /* Assets.xcassets in Resources */,
			);
			runOnlyForDeploymentPostprocessing = 0;
		};
/* End PBXResourcesBuildPhase section */

/* Begin PBXSourcesBuildPhase section */
		1F5DF5BE2A76726A00430AF1 /* Sources */ = {
			isa = PBXSourcesBuildPhase;
			buildActionMask = 2147483647;
			files = (
				1F660F442A782E6B0072925A /* CGSize+.swift in Sources */,
				1F347B5D2A79950C008915BF /* CollageChanger.swift in Sources */,
				1F660F3A2A782D640072925A /* GestureUIView.swift in Sources */,
				1F660F352A782D010072925A /* AppStorePreview.swift in Sources */,
				1F660F3C2A782D820072925A /* GestureState.swift in Sources */,
				1F660F292A781F8C0072925A /* AppAction.swift in Sources */,
				1F660F1E2A78174D0072925A /* Store.swift in Sources */,
				1F3BD2762A7AB3B9001E7ACB /* Collage.swift in Sources */,
				1F660F382A782D4B0072925A /* GestureView.swift in Sources */,
				1F660F312A7829700072925A /* ShapeElement.swift in Sources */,
				1F660F232A781F050072925A /* ReducerProtocol.swift in Sources */,
				1F660F4C2A7839200072925A /* ElementsChanger.swift in Sources */,
				1F660F482A78321A0072925A /* CollageShape.swift in Sources */,
				1F660F2F2A7829580072925A /* ControlPointsExtractor.swift in Sources */,
				1F660F432A782E6B0072925A /* CGRect+.swift in Sources */,
				1F660F4A2A78324D0072925A /* ControlPointsView.swift in Sources */,
				1F5DF5C82A76726A00430AF1 /* CollageBuiderView.swift in Sources */,
				1F660F3E2A782DEF0072925A /* GridView.swift in Sources */,
				1F660F262A781F570072925A /* AppState.swift in Sources */,
				1F660F332A78298F0072925A /* ControlPoint.swift in Sources */,
				1F660F2D2A7825560072925A /* ShapeData.swift in Sources */,
				1F32A2042A7C3A14006A4AAE /* PointsRecognizer.swift in Sources */,
				1F660F212A781EDC0072925A /* AppReducer.swift in Sources */,
				1F5DF5C62A76726A00430AF1 /* CollageBuilderApp.swift in Sources */,
				1F660F452A782E6B0072925A /* CGPoint+.swift in Sources */,
			);
			runOnlyForDeploymentPostprocessing = 0;
		};
/* End PBXSourcesBuildPhase section */

/* Begin XCBuildConfiguration section */
		1F5DF5CF2A76726C00430AF1 /* Debug */ = {
			isa = XCBuildConfiguration;
			buildSettings = {
				ALWAYS_SEARCH_USER_PATHS = NO;
				CLANG_ANALYZER_NONNULL = YES;
				CLANG_ANALYZER_NUMBER_OBJECT_CONVERSION = YES_AGGRESSIVE;
				CLANG_CXX_LANGUAGE_STANDARD = "gnu++20";
				CLANG_ENABLE_MODULES = YES;
				CLANG_ENABLE_OBJC_ARC = YES;
				CLANG_ENABLE_OBJC_WEAK = YES;
				CLANG_WARN_BLOCK_CAPTURE_AUTORELEASING = YES;
				CLANG_WARN_BOOL_CONVERSION = YES;
				CLANG_WARN_COMMA = YES;
				CLANG_WARN_CONSTANT_CONVERSION = YES;
				CLANG_WARN_DEPRECATED_OBJC_IMPLEMENTATIONS = YES;
				CLANG_WARN_DIRECT_OBJC_ISA_USAGE = YES_ERROR;
				CLANG_WARN_DOCUMENTATION_COMMENTS = YES;
				CLANG_WARN_EMPTY_BODY = YES;
				CLANG_WARN_ENUM_CONVERSION = YES;
				CLANG_WARN_INFINITE_RECURSION = YES;
				CLANG_WARN_INT_CONVERSION = YES;
				CLANG_WARN_NON_LITERAL_NULL_CONVERSION = YES;
				CLANG_WARN_OBJC_IMPLICIT_RETAIN_SELF = YES;
				CLANG_WARN_OBJC_LITERAL_CONVERSION = YES;
				CLANG_WARN_OBJC_ROOT_CLASS = YES_ERROR;
				CLANG_WARN_QUOTED_INCLUDE_IN_FRAMEWORK_HEADER = YES;
				CLANG_WARN_RANGE_LOOP_ANALYSIS = YES;
				CLANG_WARN_STRICT_PROTOTYPES = YES;
				CLANG_WARN_SUSPICIOUS_MOVE = YES;
				CLANG_WARN_UNGUARDED_AVAILABILITY = YES_AGGRESSIVE;
				CLANG_WARN_UNREACHABLE_CODE = YES;
				CLANG_WARN__DUPLICATE_METHOD_MATCH = YES;
				COPY_PHASE_STRIP = NO;
				DEBUG_INFORMATION_FORMAT = dwarf;
				ENABLE_STRICT_OBJC_MSGSEND = YES;
				ENABLE_TESTABILITY = YES;
				GCC_C_LANGUAGE_STANDARD = gnu11;
				GCC_DYNAMIC_NO_PIC = NO;
				GCC_NO_COMMON_BLOCKS = YES;
				GCC_OPTIMIZATION_LEVEL = 0;
				GCC_PREPROCESSOR_DEFINITIONS = (
					"DEBUG=1",
					"$(inherited)",
				);
				GCC_WARN_64_TO_32_BIT_CONVERSION = YES;
				GCC_WARN_ABOUT_RETURN_TYPE = YES_ERROR;
				GCC_WARN_UNDECLARED_SELECTOR = YES;
				GCC_WARN_UNINITIALIZED_AUTOS = YES_AGGRESSIVE;
				GCC_WARN_UNUSED_FUNCTION = YES;
				GCC_WARN_UNUSED_VARIABLE = YES;
				MTL_ENABLE_DEBUG_INFO = INCLUDE_SOURCE;
				MTL_FAST_MATH = YES;
				ONLY_ACTIVE_ARCH = YES;
				SWIFT_ACTIVE_COMPILATION_CONDITIONS = DEBUG;
				SWIFT_OPTIMIZATION_LEVEL = "-Onone";
			};
			name = Debug;
		};
		1F5DF5D02A76726C00430AF1 /* Release */ = {
			isa = XCBuildConfiguration;
			buildSettings = {
				ALWAYS_SEARCH_USER_PATHS = NO;
				CLANG_ANALYZER_NONNULL = YES;
				CLANG_ANALYZER_NUMBER_OBJECT_CONVERSION = YES_AGGRESSIVE;
				CLANG_CXX_LANGUAGE_STANDARD = "gnu++20";
				CLANG_ENABLE_MODULES = YES;
				CLANG_ENABLE_OBJC_ARC = YES;
				CLANG_ENABLE_OBJC_WEAK = YES;
				CLANG_WARN_BLOCK_CAPTURE_AUTORELEASING = YES;
				CLANG_WARN_BOOL_CONVERSION = YES;
				CLANG_WARN_COMMA = YES;
				CLANG_WARN_CONSTANT_CONVERSION = YES;
				CLANG_WARN_DEPRECATED_OBJC_IMPLEMENTATIONS = YES;
				CLANG_WARN_DIRECT_OBJC_ISA_USAGE = YES_ERROR;
				CLANG_WARN_DOCUMENTATION_COMMENTS = YES;
				CLANG_WARN_EMPTY_BODY = YES;
				CLANG_WARN_ENUM_CONVERSION = YES;
				CLANG_WARN_INFINITE_RECURSION = YES;
				CLANG_WARN_INT_CONVERSION = YES;
				CLANG_WARN_NON_LITERAL_NULL_CONVERSION = YES;
				CLANG_WARN_OBJC_IMPLICIT_RETAIN_SELF = YES;
				CLANG_WARN_OBJC_LITERAL_CONVERSION = YES;
				CLANG_WARN_OBJC_ROOT_CLASS = YES_ERROR;
				CLANG_WARN_QUOTED_INCLUDE_IN_FRAMEWORK_HEADER = YES;
				CLANG_WARN_RANGE_LOOP_ANALYSIS = YES;
				CLANG_WARN_STRICT_PROTOTYPES = YES;
				CLANG_WARN_SUSPICIOUS_MOVE = YES;
				CLANG_WARN_UNGUARDED_AVAILABILITY = YES_AGGRESSIVE;
				CLANG_WARN_UNREACHABLE_CODE = YES;
				CLANG_WARN__DUPLICATE_METHOD_MATCH = YES;
				COPY_PHASE_STRIP = NO;
				DEBUG_INFORMATION_FORMAT = "dwarf-with-dsym";
				ENABLE_NS_ASSERTIONS = NO;
				ENABLE_STRICT_OBJC_MSGSEND = YES;
				GCC_C_LANGUAGE_STANDARD = gnu11;
				GCC_NO_COMMON_BLOCKS = YES;
				GCC_WARN_64_TO_32_BIT_CONVERSION = YES;
				GCC_WARN_ABOUT_RETURN_TYPE = YES_ERROR;
				GCC_WARN_UNDECLARED_SELECTOR = YES;
				GCC_WARN_UNINITIALIZED_AUTOS = YES_AGGRESSIVE;
				GCC_WARN_UNUSED_FUNCTION = YES;
				GCC_WARN_UNUSED_VARIABLE = YES;
				MTL_ENABLE_DEBUG_INFO = NO;
				MTL_FAST_MATH = YES;
				SWIFT_COMPILATION_MODE = wholemodule;
				SWIFT_OPTIMIZATION_LEVEL = "-O";
			};
			name = Release;
		};
		1F5DF5D22A76726C00430AF1 /* Debug */ = {
			isa = XCBuildConfiguration;
			buildSettings = {
				ASSETCATALOG_COMPILER_APPICON_NAME = AppIcon;
				ASSETCATALOG_COMPILER_GLOBAL_ACCENT_COLOR_NAME = AccentColor;
				CODE_SIGN_ENTITLEMENTS = CollageBuilder/CollageBuilder.entitlements;
				CODE_SIGN_STYLE = Automatic;
				CURRENT_PROJECT_VERSION = 1;
				DEVELOPMENT_ASSET_PATHS = "\"CollageBuilder/Preview Content\"";
				DEVELOPMENT_TEAM = UCB224M3GK;
				ENABLE_HARDENED_RUNTIME = YES;
				ENABLE_PREVIEWS = YES;
				GENERATE_INFOPLIST_FILE = YES;
				"INFOPLIST_KEY_UIApplicationSceneManifest_Generation[sdk=iphoneos*]" = YES;
				"INFOPLIST_KEY_UIApplicationSceneManifest_Generation[sdk=iphonesimulator*]" = YES;
				"INFOPLIST_KEY_UIApplicationSupportsIndirectInputEvents[sdk=iphoneos*]" = YES;
				"INFOPLIST_KEY_UIApplicationSupportsIndirectInputEvents[sdk=iphonesimulator*]" = YES;
				"INFOPLIST_KEY_UILaunchScreen_Generation[sdk=iphoneos*]" = YES;
				"INFOPLIST_KEY_UILaunchScreen_Generation[sdk=iphonesimulator*]" = YES;
				"INFOPLIST_KEY_UIStatusBarStyle[sdk=iphoneos*]" = UIStatusBarStyleDefault;
				"INFOPLIST_KEY_UIStatusBarStyle[sdk=iphonesimulator*]" = UIStatusBarStyleDefault;
				INFOPLIST_KEY_UISupportedInterfaceOrientations_iPad = "UIInterfaceOrientationPortrait UIInterfaceOrientationPortraitUpsideDown UIInterfaceOrientationLandscapeLeft UIInterfaceOrientationLandscapeRight";
				INFOPLIST_KEY_UISupportedInterfaceOrientations_iPhone = "UIInterfaceOrientationPortrait UIInterfaceOrientationLandscapeLeft UIInterfaceOrientationLandscapeRight";
				IPHONEOS_DEPLOYMENT_TARGET = 16.4;
				LD_RUNPATH_SEARCH_PATHS = "@executable_path/Frameworks";
				"LD_RUNPATH_SEARCH_PATHS[sdk=macosx*]" = "@executable_path/../Frameworks";
				MACOSX_DEPLOYMENT_TARGET = 13.3;
				MARKETING_VERSION = 1.0;
				PRODUCT_BUNDLE_IDENTIFIER = AliakseiOrganization.CollageBuilder;
				PRODUCT_NAME = "$(TARGET_NAME)";
				SDKROOT = auto;
				SUPPORTED_PLATFORMS = "iphoneos iphonesimulator macosx";
				SWIFT_EMIT_LOC_STRINGS = YES;
				SWIFT_VERSION = 5.0;
				TARGETED_DEVICE_FAMILY = "1,2";
			};
			name = Debug;
		};
		1F5DF5D32A76726C00430AF1 /* Release */ = {
			isa = XCBuildConfiguration;
			buildSettings = {
				ASSETCATALOG_COMPILER_APPICON_NAME = AppIcon;
				ASSETCATALOG_COMPILER_GLOBAL_ACCENT_COLOR_NAME = AccentColor;
				CODE_SIGN_ENTITLEMENTS = CollageBuilder/CollageBuilder.entitlements;
				CODE_SIGN_STYLE = Automatic;
				CURRENT_PROJECT_VERSION = 1;
				DEVELOPMENT_ASSET_PATHS = "\"CollageBuilder/Preview Content\"";
				DEVELOPMENT_TEAM = UCB224M3GK;
				ENABLE_HARDENED_RUNTIME = YES;
				ENABLE_PREVIEWS = YES;
				GENERATE_INFOPLIST_FILE = YES;
				"INFOPLIST_KEY_UIApplicationSceneManifest_Generation[sdk=iphoneos*]" = YES;
				"INFOPLIST_KEY_UIApplicationSceneManifest_Generation[sdk=iphonesimulator*]" = YES;
				"INFOPLIST_KEY_UIApplicationSupportsIndirectInputEvents[sdk=iphoneos*]" = YES;
				"INFOPLIST_KEY_UIApplicationSupportsIndirectInputEvents[sdk=iphonesimulator*]" = YES;
				"INFOPLIST_KEY_UILaunchScreen_Generation[sdk=iphoneos*]" = YES;
				"INFOPLIST_KEY_UILaunchScreen_Generation[sdk=iphonesimulator*]" = YES;
				"INFOPLIST_KEY_UIStatusBarStyle[sdk=iphoneos*]" = UIStatusBarStyleDefault;
				"INFOPLIST_KEY_UIStatusBarStyle[sdk=iphonesimulator*]" = UIStatusBarStyleDefault;
				INFOPLIST_KEY_UISupportedInterfaceOrientations_iPad = "UIInterfaceOrientationPortrait UIInterfaceOrientationPortraitUpsideDown UIInterfaceOrientationLandscapeLeft UIInterfaceOrientationLandscapeRight";
				INFOPLIST_KEY_UISupportedInterfaceOrientations_iPhone = "UIInterfaceOrientationPortrait UIInterfaceOrientationLandscapeLeft UIInterfaceOrientationLandscapeRight";
				IPHONEOS_DEPLOYMENT_TARGET = 16.4;
				LD_RUNPATH_SEARCH_PATHS = "@executable_path/Frameworks";
				"LD_RUNPATH_SEARCH_PATHS[sdk=macosx*]" = "@executable_path/../Frameworks";
				MACOSX_DEPLOYMENT_TARGET = 13.3;
				MARKETING_VERSION = 1.0;
				PRODUCT_BUNDLE_IDENTIFIER = AliakseiOrganization.CollageBuilder;
				PRODUCT_NAME = "$(TARGET_NAME)";
				SDKROOT = auto;
				SUPPORTED_PLATFORMS = "iphoneos iphonesimulator macosx";
				SWIFT_EMIT_LOC_STRINGS = YES;
				SWIFT_VERSION = 5.0;
				TARGETED_DEVICE_FAMILY = "1,2";
			};
			name = Release;
		};
/* End XCBuildConfiguration section */

/* Begin XCConfigurationList section */
		1F5DF5BD2A76726A00430AF1 /* Build configuration list for PBXProject "CollageBuilder" */ = {
			isa = XCConfigurationList;
			buildConfigurations = (
				1F5DF5CF2A76726C00430AF1 /* Debug */,
				1F5DF5D02A76726C00430AF1 /* Release */,
			);
			defaultConfigurationIsVisible = 0;
			defaultConfigurationName = Release;
		};
		1F5DF5D12A76726C00430AF1 /* Build configuration list for PBXNativeTarget "CollageBuilder" */ = {
			isa = XCConfigurationList;
			buildConfigurations = (
				1F5DF5D22A76726C00430AF1 /* Debug */,
				1F5DF5D32A76726C00430AF1 /* Release */,
			);
			defaultConfigurationIsVisible = 0;
			defaultConfigurationName = Release;
		};
/* End XCConfigurationList section */
	};
	rootObject = 1F5DF5BA2A76726A00430AF1 /* Project object */;
}
